// !$*UTF8*$!
{
	archiveVersion = 1;
	classes = {
	};
	objectVersion = 50;
	objects = {

/* Begin PBXBuildFile section */
		3CAF869468F73E75B093A938 /* libPods-YYIMTests.a in Frameworks */ = {isa = PBXBuildFile; fileRef = 9791F00C5904E36EFDD2329B /* libPods-YYIMTests.a */; };
		79C6AF1FFD00DEFB63679084 /* libPods-YYIMUITests.a in Frameworks */ = {isa = PBXBuildFile; fileRef = 5123BA9C0E0D7B303243152D /* libPods-YYIMUITests.a */; };
		B2BE3C9C7563C48D286A847B /* libPods-YYIM.a in Frameworks */ = {isa = PBXBuildFile; fileRef = 938192F04F8ECFB5D01E5E49 /* libPods-YYIM.a */; };
		C50937C920FEDF3400A70E41 /* MyFriendsGroupModel.m in Sources */ = {isa = PBXBuildFile; fileRef = C50937C820FEDF3400A70E41 /* MyFriendsGroupModel.m */; };
		C50937CC20FEE04D00A70E41 /* MyFriendsGroupHeaderView.m in Sources */ = {isa = PBXBuildFile; fileRef = C50937CB20FEE04D00A70E41 /* MyFriendsGroupHeaderView.m */; };
		C50937D320FEED7800A70E41 /* MyGroupChatViewController.m in Sources */ = {isa = PBXBuildFile; fileRef = C50937D220FEED7800A70E41 /* MyGroupChatViewController.m */; };
		C50937D620FEEE5E00A70E41 /* MyGroupChatTableViewCell.m in Sources */ = {isa = PBXBuildFile; fileRef = C50937D520FEEE5E00A70E41 /* MyGroupChatTableViewCell.m */; };
		C50937D920FEEE8000A70E41 /* MyGroupChatModel.m in Sources */ = {isa = PBXBuildFile; fileRef = C50937D820FEEE8000A70E41 /* MyGroupChatModel.m */; };
		C50937E020FF052F00A70E41 /* PersonDetailViewController.m in Sources */ = {isa = PBXBuildFile; fileRef = C50937DF20FF052F00A70E41 /* PersonDetailViewController.m */; };
		C50937E420FF063A00A70E41 /* ContactsViewController.m in Sources */ = {isa = PBXBuildFile; fileRef = C50937E320FF063A00A70E41 /* ContactsViewController.m */; };
		C50937EB20FF0C7600A70E41 /* PHTabbarView.m in Sources */ = {isa = PBXBuildFile; fileRef = C50937E720FF0C7500A70E41 /* PHTabbarView.m */; };
		C50937EC20FF0C7600A70E41 /* PHSegmentViewController.m in Sources */ = {isa = PBXBuildFile; fileRef = C50937EA20FF0C7500A70E41 /* PHSegmentViewController.m */; };
		C50937EE20FF20F600A70E41 /* LocalHeadIcon.bundle in Resources */ = {isa = PBXBuildFile; fileRef = C50937ED20FF20F500A70E41 /* LocalHeadIcon.bundle */; };
		C50937F221003C6200A70E41 /* GroupDetailViewController.m in Sources */ = {isa = PBXBuildFile; fileRef = C50937F121003C6200A70E41 /* GroupDetailViewController.m */; };
		C50937F6210073BE00A70E41 /* HandleSocketDao.m in Sources */ = {isa = PBXBuildFile; fileRef = C50937F5210073BE00A70E41 /* HandleSocketDao.m */; };
		C50937F92100809D00A70E41 /* PersonManager.m in Sources */ = {isa = PBXBuildFile; fileRef = C50937F82100809D00A70E41 /* PersonManager.m */; };
		C50937FF2100936400A70E41 /* UIImage+Helper.m in Sources */ = {isa = PBXBuildFile; fileRef = C50937FE2100936400A70E41 /* UIImage+Helper.m */; };
		C50938022101825A00A70E41 /* UserInfoModel.m in Sources */ = {isa = PBXBuildFile; fileRef = C50938012101825A00A70E41 /* UserInfoModel.m */; };
		C50938092101BE5000A70E41 /* PHAlert.m in Sources */ = {isa = PBXBuildFile; fileRef = C50938082101BE5000A70E41 /* PHAlert.m */; };
		C509380C2101E34D00A70E41 /* UserChangeStatus.m in Sources */ = {isa = PBXBuildFile; fileRef = C509380B2101E34D00A70E41 /* UserChangeStatus.m */; };
		C509D908211032F000B50F1F /* NSString+MD5Encrypt.m in Sources */ = {isa = PBXBuildFile; fileRef = C509D907211032EF00B50F1F /* NSString+MD5Encrypt.m */; };
		C51452D921114FCE0035C83A /* ChatCellFileView.m in Sources */ = {isa = PBXBuildFile; fileRef = C51452D821114FCE0035C83A /* ChatCellFileView.m */; };
		C52855C8210EAFE100887345 /* FileManager.m in Sources */ = {isa = PBXBuildFile; fileRef = C52855C7210EAFE100887345 /* FileManager.m */; };
		C52855CC210EBB3900887345 /* FileManagerCollectionViewCell.m in Sources */ = {isa = PBXBuildFile; fileRef = C52855CB210EBB3900887345 /* FileManagerCollectionViewCell.m */; };
		C52855D0210EC1E400887345 /* FileManagerModel.m in Sources */ = {isa = PBXBuildFile; fileRef = C52855CF210EC1E400887345 /* FileManagerModel.m */; };
		C52C7F02211AC42E00A4702D /* NSDate+Helper.m in Sources */ = {isa = PBXBuildFile; fileRef = C52C7F01211AC42E00A4702D /* NSDate+Helper.m */; };
		C530D0BF21181922007CE2C4 /* PHDocumentPickerViewController.m in Sources */ = {isa = PBXBuildFile; fileRef = C530D0BE21181922007CE2C4 /* PHDocumentPickerViewController.m */; };
		C530D0C421182281007CE2C4 /* CloudKit.framework in Frameworks */ = {isa = PBXBuildFile; fileRef = C530D0C321182281007CE2C4 /* CloudKit.framework */; };
		C5467897211449AB00B86886 /* GroupChatModel.m in Sources */ = {isa = PBXBuildFile; fileRef = C5467896211449AB00B86886 /* GroupChatModel.m */; };
		C55FF5F020F6E57500A86F00 /* PHCellHeight.m in Sources */ = {isa = PBXBuildFile; fileRef = C55FF5EE20F6E57500A86F00 /* PHCellHeight.m */; };
		C55FF5F320F6EB3A00A86F00 /* EmotionView.m in Sources */ = {isa = PBXBuildFile; fileRef = C55FF5F220F6EB3A00A86F00 /* EmotionView.m */; };
		C55FF5F920F72A3B00A86F00 /* ChatAddView.m in Sources */ = {isa = PBXBuildFile; fileRef = C55FF5F820F72A3B00A86F00 /* ChatAddView.m */; };
		C55FF60B20F836D400A86F00 /* SocketTool.m in Sources */ = {isa = PBXBuildFile; fileRef = C55FF60A20F836D400A86F00 /* SocketTool.m */; };
		C55FF60E20F8672C00A86F00 /* NetTool.m in Sources */ = {isa = PBXBuildFile; fileRef = C55FF60D20F8672C00A86F00 /* NetTool.m */; };
		C55FF61720F898E000A86F00 /* MineTableViewCell.m in Sources */ = {isa = PBXBuildFile; fileRef = C55FF61620F898E000A86F00 /* MineTableViewCell.m */; };
		C55FF61A20F89A2300A86F00 /* DBTool.m in Sources */ = {isa = PBXBuildFile; fileRef = C55FF61920F89A2300A86F00 /* DBTool.m */; };
		C56534F12122DE460090ADC2 /* UIImage+Text_tag.m in Sources */ = {isa = PBXBuildFile; fileRef = C56534F02122DE460090ADC2 /* UIImage+Text_tag.m */; };
		C57490482105D8FB00577882 /* PHPush.m in Sources */ = {isa = PBXBuildFile; fileRef = C57490472105D8FB00577882 /* PHPush.m */; };
		C574904B2107058C00577882 /* PersonCenterView.m in Sources */ = {isa = PBXBuildFile; fileRef = C574904A2107058C00577882 /* PersonCenterView.m */; };
		C57490522107228800577882 /* ChatSettingViewController.m in Sources */ = {isa = PBXBuildFile; fileRef = C57490512107228800577882 /* ChatSettingViewController.m */; };
		C57490552107317E00577882 /* PHPlayer.m in Sources */ = {isa = PBXBuildFile; fileRef = C57490542107317E00577882 /* PHPlayer.m */; };
		C574905C210815D200577882 /* GroupChatSettingViewController.m in Sources */ = {isa = PBXBuildFile; fileRef = C574905B210815D200577882 /* GroupChatSettingViewController.m */; };
		C574905F21085E4000577882 /* NaviAddAlertView.m in Sources */ = {isa = PBXBuildFile; fileRef = C574905E21085E4000577882 /* NaviAddAlertView.m */; };
		C590210020F44D49001296C4 /* AppDelegate.m in Sources */ = {isa = PBXBuildFile; fileRef = C59020FF20F44D49001296C4 /* AppDelegate.m */; };
		C590210320F44D49001296C4 /* ViewController.m in Sources */ = {isa = PBXBuildFile; fileRef = C590210220F44D49001296C4 /* ViewController.m */; };
		C590210620F44D49001296C4 /* Main.storyboard in Resources */ = {isa = PBXBuildFile; fileRef = C590210420F44D49001296C4 /* Main.storyboard */; };
		C590210820F44D4F001296C4 /* Assets.xcassets in Resources */ = {isa = PBXBuildFile; fileRef = C590210720F44D4F001296C4 /* Assets.xcassets */; };
		C590210B20F44D4F001296C4 /* LaunchScreen.storyboard in Resources */ = {isa = PBXBuildFile; fileRef = C590210920F44D4F001296C4 /* LaunchScreen.storyboard */; };
		C590210E20F44D4F001296C4 /* main.m in Sources */ = {isa = PBXBuildFile; fileRef = C590210D20F44D4F001296C4 /* main.m */; };
		C590211820F44D4F001296C4 /* YYIMTests.m in Sources */ = {isa = PBXBuildFile; fileRef = C590211720F44D4F001296C4 /* YYIMTests.m */; };
		C590212320F44D4F001296C4 /* YYIMUITests.m in Sources */ = {isa = PBXBuildFile; fileRef = C590212220F44D4F001296C4 /* YYIMUITests.m */; };
		C590213420F44D86001296C4 /* NavigationController.m in Sources */ = {isa = PBXBuildFile; fileRef = C590213020F44D85001296C4 /* NavigationController.m */; };
		C590213520F44D86001296C4 /* TabBarController.m in Sources */ = {isa = PBXBuildFile; fileRef = C590213320F44D86001296C4 /* TabBarController.m */; };
		C590213B20F44E1D001296C4 /* BaseViewController.m in Sources */ = {isa = PBXBuildFile; fileRef = C590213A20F44E1D001296C4 /* BaseViewController.m */; };
		C590214420F44FB3001296C4 /* MessageListViewController.m in Sources */ = {isa = PBXBuildFile; fileRef = C590214320F44FB3001296C4 /* MessageListViewController.m */; };
		C590214720F44FD2001296C4 /* ContactsListViewController.m in Sources */ = {isa = PBXBuildFile; fileRef = C590214620F44FD2001296C4 /* ContactsListViewController.m */; };
		C590214A20F44FE1001296C4 /* MineViewController.m in Sources */ = {isa = PBXBuildFile; fileRef = C590214920F44FE1001296C4 /* MineViewController.m */; };
		C590214E20F455DB001296C4 /* UIViewAdditions.m in Sources */ = {isa = PBXBuildFile; fileRef = C590214D20F455DB001296C4 /* UIViewAdditions.m */; };
		C590215320F458F7001296C4 /* ContactsListTableViewCell.m in Sources */ = {isa = PBXBuildFile; fileRef = C590215220F458F7001296C4 /* ContactsListTableViewCell.m */; };
		C590215720F45AA2001296C4 /* MessageLlistTableViewCell.m in Sources */ = {isa = PBXBuildFile; fileRef = C590215620F45AA2001296C4 /* MessageLlistTableViewCell.m */; };
		C590215B20F45FC5001296C4 /* ContactsListModel.m in Sources */ = {isa = PBXBuildFile; fileRef = C590215A20F45FC5001296C4 /* ContactsListModel.m */; };
		C590215F20F491B2001296C4 /* Request.m in Sources */ = {isa = PBXBuildFile; fileRef = C590215E20F491B2001296C4 /* Request.m */; };
		C590217720F4A3CF001296C4 /* LoginViewController.m in Sources */ = {isa = PBXBuildFile; fileRef = C590217620F4A3CF001296C4 /* LoginViewController.m */; };
		C590217E20F4AEA4001296C4 /* MyFriendsViewController.m in Sources */ = {isa = PBXBuildFile; fileRef = C590217D20F4AEA4001296C4 /* MyFriendsViewController.m */; };
		C590218120F4AF36001296C4 /* MyFriendsModel.m in Sources */ = {isa = PBXBuildFile; fileRef = C590218020F4AF36001296C4 /* MyFriendsModel.m */; };
		C590218420F4B07A001296C4 /* MyFriendTableViewCell.m in Sources */ = {isa = PBXBuildFile; fileRef = C590218320F4B07A001296C4 /* MyFriendTableViewCell.m */; };
		C590218820F4B394001296C4 /* ChatViewController.m in Sources */ = {isa = PBXBuildFile; fileRef = C590218720F4B394001296C4 /* ChatViewController.m */; };
		C590218D20F4B47F001296C4 /* ChatCell.m in Sources */ = {isa = PBXBuildFile; fileRef = C590218C20F4B47F001296C4 /* ChatCell.m */; };
		C590219020F4B531001296C4 /* ChatInputView.m in Sources */ = {isa = PBXBuildFile; fileRef = C590218F20F4B531001296C4 /* ChatInputView.m */; };
		C590219520F4BE93001296C4 /* Define.h in Resources */ = {isa = PBXBuildFile; fileRef = C590219420F4BE93001296C4 /* Define.h */; };
		C59021A220F5A3ED001296C4 /* NSData+GZip.m in Sources */ = {isa = PBXBuildFile; fileRef = C59021A120F5A3ED001296C4 /* NSData+GZip.m */; };
		C59021A420F5A4DF001296C4 /* libz.1.2.5.tbd in Frameworks */ = {isa = PBXBuildFile; fileRef = C59021A320F5A4DF001296C4 /* libz.1.2.5.tbd */; };
		C59021A720F5A76A001296C4 /* NSString+Json.m in Sources */ = {isa = PBXBuildFile; fileRef = C59021A620F5A76A001296C4 /* NSString+Json.m */; };
		C59021AB20F5F583001296C4 /* MsgModel.m in Sources */ = {isa = PBXBuildFile; fileRef = C59021AA20F5F583001296C4 /* MsgModel.m */; };
		C59021B720F5FC49001296C4 /* ProgressTool.m in Sources */ = {isa = PBXBuildFile; fileRef = C59021B620F5FC49001296C4 /* ProgressTool.m */; };
		C59021BA20F6088B001296C4 /* NSString+Base64.m in Sources */ = {isa = PBXBuildFile; fileRef = C59021B920F6088B001296C4 /* NSString+Base64.m */; };
		C5C8642A210AA71300E6BC7F /* UIView+Animation.m in Sources */ = {isa = PBXBuildFile; fileRef = C5C86429210AA71200E6BC7F /* UIView+Animation.m */; };
		C5C8642D210AB8B400E6BC7F /* SocketRequest.m in Sources */ = {isa = PBXBuildFile; fileRef = C5C8642C210AB8B400E6BC7F /* SocketRequest.m */; };
		C5C86435210AE28D00E6BC7F /* PhotoBrowserView.m in Sources */ = {isa = PBXBuildFile; fileRef = C5C86434210AE28D00E6BC7F /* PhotoBrowserView.m */; };
		C5C8643C210B08ED00E6BC7F /* UpdatePasswordViewController.m in Sources */ = {isa = PBXBuildFile; fileRef = C5C8643B210B08ED00E6BC7F /* UpdatePasswordViewController.m */; };
		C5C8643F210B2C5700E6BC7F /* DocumentPicker.m in Sources */ = {isa = PBXBuildFile; fileRef = C5C8643E210B2C5700E6BC7F /* DocumentPicker.m */; };
		C5EFFCB420FC2CE3003BDB2E /* MessageManager.m in Sources */ = {isa = PBXBuildFile; fileRef = C5EFFCB320FC2CE3003BDB2E /* MessageManager.m */; };
		C5EFFCB720FC3651003BDB2E /* ConversationModel.m in Sources */ = {isa = PBXBuildFile; fileRef = C5EFFCB620FC3651003BDB2E /* ConversationModel.m */; };
		C5EFFCBD20FC5F34003BDB2E /* NSString+Helper.m in Sources */ = {isa = PBXBuildFile; fileRef = C5EFFCBC20FC5F34003BDB2E /* NSString+Helper.m */; };
		C5EFFE5B20FC6F42003BDB2E /* Emotion.bundle in Resources */ = {isa = PBXBuildFile; fileRef = C5EFFE5A20FC6F42003BDB2E /* Emotion.bundle */; };
		C5EFFE5E20FC923A003BDB2E /* RishTextAdapter.m in Sources */ = {isa = PBXBuildFile; fileRef = C5EFFE5D20FC923A003BDB2E /* RishTextAdapter.m */; };
		C5EFFE6120FDB558003BDB2E /* PHImagePickerController.m in Sources */ = {isa = PBXBuildFile; fileRef = C5EFFE5F20FDB555003BDB2E /* PHImagePickerController.m */; };
		C5EFFE6420FDBE23003BDB2E /* NSDictionary+Helper.m in Sources */ = {isa = PBXBuildFile; fileRef = C5EFFE6320FDBE23003BDB2E /* NSDictionary+Helper.m */; };
/* End PBXBuildFile section */

/* Begin PBXContainerItemProxy section */
		C590211420F44D4F001296C4 /* PBXContainerItemProxy */ = {
			isa = PBXContainerItemProxy;
			containerPortal = C59020F320F44D49001296C4 /* Project object */;
			proxyType = 1;
			remoteGlobalIDString = C59020FA20F44D49001296C4;
			remoteInfo = YYIM;
		};
		C590211F20F44D4F001296C4 /* PBXContainerItemProxy */ = {
			isa = PBXContainerItemProxy;
			containerPortal = C59020F320F44D49001296C4 /* Project object */;
			proxyType = 1;
			remoteGlobalIDString = C59020FA20F44D49001296C4;
			remoteInfo = YYIM;
		};
/* End PBXContainerItemProxy section */

/* Begin PBXFileReference section */
		404398A8A5B1B1BB3FA00D4E /* Pods-YYIMTests.release.xcconfig */ = {isa = PBXFileReference; includeInIndex = 1; lastKnownFileType = text.xcconfig; name = "Pods-YYIMTests.release.xcconfig"; path = "Pods/Target Support Files/Pods-YYIMTests/Pods-YYIMTests.release.xcconfig"; sourceTree = "<group>"; };
		4D6B33E3CEA6CB04BB0FE9E6 /* Pods-YYIM.debug.xcconfig */ = {isa = PBXFileReference; includeInIndex = 1; lastKnownFileType = text.xcconfig; name = "Pods-YYIM.debug.xcconfig"; path = "Pods/Target Support Files/Pods-YYIM/Pods-YYIM.debug.xcconfig"; sourceTree = "<group>"; };
		5123BA9C0E0D7B303243152D /* libPods-YYIMUITests.a */ = {isa = PBXFileReference; explicitFileType = archive.ar; includeInIndex = 0; path = "libPods-YYIMUITests.a"; sourceTree = BUILT_PRODUCTS_DIR; };
		77B3230961267D496C111955 /* Pods-YYIMUITests.debug.xcconfig */ = {isa = PBXFileReference; includeInIndex = 1; lastKnownFileType = text.xcconfig; name = "Pods-YYIMUITests.debug.xcconfig"; path = "Pods/Target Support Files/Pods-YYIMUITests/Pods-YYIMUITests.debug.xcconfig"; sourceTree = "<group>"; };
		854A10B47B74A3EC8121586B /* Pods-YYIMTests.debug.xcconfig */ = {isa = PBXFileReference; includeInIndex = 1; lastKnownFileType = text.xcconfig; name = "Pods-YYIMTests.debug.xcconfig"; path = "Pods/Target Support Files/Pods-YYIMTests/Pods-YYIMTests.debug.xcconfig"; sourceTree = "<group>"; };
		938192F04F8ECFB5D01E5E49 /* libPods-YYIM.a */ = {isa = PBXFileReference; explicitFileType = archive.ar; includeInIndex = 0; path = "libPods-YYIM.a"; sourceTree = BUILT_PRODUCTS_DIR; };
		9791F00C5904E36EFDD2329B /* libPods-YYIMTests.a */ = {isa = PBXFileReference; explicitFileType = archive.ar; includeInIndex = 0; path = "libPods-YYIMTests.a"; sourceTree = BUILT_PRODUCTS_DIR; };
		BB59103455D6E2DC3664B0B2 /* Pods-YYIM.release.xcconfig */ = {isa = PBXFileReference; includeInIndex = 1; lastKnownFileType = text.xcconfig; name = "Pods-YYIM.release.xcconfig"; path = "Pods/Target Support Files/Pods-YYIM/Pods-YYIM.release.xcconfig"; sourceTree = "<group>"; };
		C50937C720FEDF3400A70E41 /* MyFriendsGroupModel.h */ = {isa = PBXFileReference; lastKnownFileType = sourcecode.c.h; path = MyFriendsGroupModel.h; sourceTree = "<group>"; };
		C50937C820FEDF3400A70E41 /* MyFriendsGroupModel.m */ = {isa = PBXFileReference; lastKnownFileType = sourcecode.c.objc; path = MyFriendsGroupModel.m; sourceTree = "<group>"; };
		C50937CA20FEE04D00A70E41 /* MyFriendsGroupHeaderView.h */ = {isa = PBXFileReference; lastKnownFileType = sourcecode.c.h; path = MyFriendsGroupHeaderView.h; sourceTree = "<group>"; };
		C50937CB20FEE04D00A70E41 /* MyFriendsGroupHeaderView.m */ = {isa = PBXFileReference; lastKnownFileType = sourcecode.c.objc; path = MyFriendsGroupHeaderView.m; sourceTree = "<group>"; };
		C50937D120FEED7800A70E41 /* MyGroupChatViewController.h */ = {isa = PBXFileReference; lastKnownFileType = sourcecode.c.h; path = MyGroupChatViewController.h; sourceTree = "<group>"; };
		C50937D220FEED7800A70E41 /* MyGroupChatViewController.m */ = {isa = PBXFileReference; lastKnownFileType = sourcecode.c.objc; path = MyGroupChatViewController.m; sourceTree = "<group>"; };
		C50937D420FEEE5E00A70E41 /* MyGroupChatTableViewCell.h */ = {isa = PBXFileReference; lastKnownFileType = sourcecode.c.h; path = MyGroupChatTableViewCell.h; sourceTree = "<group>"; };
		C50937D520FEEE5E00A70E41 /* MyGroupChatTableViewCell.m */ = {isa = PBXFileReference; lastKnownFileType = sourcecode.c.objc; path = MyGroupChatTableViewCell.m; sourceTree = "<group>"; };
		C50937D720FEEE8000A70E41 /* MyGroupChatModel.h */ = {isa = PBXFileReference; lastKnownFileType = sourcecode.c.h; path = MyGroupChatModel.h; sourceTree = "<group>"; };
		C50937D820FEEE8000A70E41 /* MyGroupChatModel.m */ = {isa = PBXFileReference; lastKnownFileType = sourcecode.c.objc; path = MyGroupChatModel.m; sourceTree = "<group>"; };
		C50937DE20FF052F00A70E41 /* PersonDetailViewController.h */ = {isa = PBXFileReference; lastKnownFileType = sourcecode.c.h; path = PersonDetailViewController.h; sourceTree = "<group>"; };
		C50937DF20FF052F00A70E41 /* PersonDetailViewController.m */ = {isa = PBXFileReference; lastKnownFileType = sourcecode.c.objc; path = PersonDetailViewController.m; sourceTree = "<group>"; };
		C50937E220FF063A00A70E41 /* ContactsViewController.h */ = {isa = PBXFileReference; lastKnownFileType = sourcecode.c.h; path = ContactsViewController.h; sourceTree = "<group>"; };
		C50937E320FF063A00A70E41 /* ContactsViewController.m */ = {isa = PBXFileReference; lastKnownFileType = sourcecode.c.objc; path = ContactsViewController.m; sourceTree = "<group>"; };
		C50937E620FF0C7500A70E41 /* PHTabbarView.h */ = {isa = PBXFileReference; fileEncoding = 4; lastKnownFileType = sourcecode.c.h; path = PHTabbarView.h; sourceTree = "<group>"; };
		C50937E720FF0C7500A70E41 /* PHTabbarView.m */ = {isa = PBXFileReference; fileEncoding = 4; lastKnownFileType = sourcecode.c.objc; path = PHTabbarView.m; sourceTree = "<group>"; };
		C50937E920FF0C7500A70E41 /* PHSegmentViewController.h */ = {isa = PBXFileReference; fileEncoding = 4; lastKnownFileType = sourcecode.c.h; path = PHSegmentViewController.h; sourceTree = "<group>"; };
		C50937EA20FF0C7500A70E41 /* PHSegmentViewController.m */ = {isa = PBXFileReference; fileEncoding = 4; lastKnownFileType = sourcecode.c.objc; path = PHSegmentViewController.m; sourceTree = "<group>"; };
		C50937ED20FF20F500A70E41 /* LocalHeadIcon.bundle */ = {isa = PBXFileReference; lastKnownFileType = "wrapper.plug-in"; path = LocalHeadIcon.bundle; sourceTree = "<group>"; };
		C50937F021003C6200A70E41 /* GroupDetailViewController.h */ = {isa = PBXFileReference; lastKnownFileType = sourcecode.c.h; path = GroupDetailViewController.h; sourceTree = "<group>"; };
		C50937F121003C6200A70E41 /* GroupDetailViewController.m */ = {isa = PBXFileReference; lastKnownFileType = sourcecode.c.objc; path = GroupDetailViewController.m; sourceTree = "<group>"; };
		C50937F4210073BE00A70E41 /* HandleSocketDao.h */ = {isa = PBXFileReference; lastKnownFileType = sourcecode.c.h; path = HandleSocketDao.h; sourceTree = "<group>"; };
		C50937F5210073BE00A70E41 /* HandleSocketDao.m */ = {isa = PBXFileReference; lastKnownFileType = sourcecode.c.objc; path = HandleSocketDao.m; sourceTree = "<group>"; };
		C50937F72100809D00A70E41 /* PersonManager.h */ = {isa = PBXFileReference; lastKnownFileType = sourcecode.c.h; path = PersonManager.h; sourceTree = "<group>"; };
		C50937F82100809D00A70E41 /* PersonManager.m */ = {isa = PBXFileReference; lastKnownFileType = sourcecode.c.objc; path = PersonManager.m; sourceTree = "<group>"; };
		C50937FD2100936400A70E41 /* UIImage+Helper.h */ = {isa = PBXFileReference; lastKnownFileType = sourcecode.c.h; path = "UIImage+Helper.h"; sourceTree = "<group>"; };
		C50937FE2100936400A70E41 /* UIImage+Helper.m */ = {isa = PBXFileReference; lastKnownFileType = sourcecode.c.objc; path = "UIImage+Helper.m"; sourceTree = "<group>"; };
		C50938002101825A00A70E41 /* UserInfoModel.h */ = {isa = PBXFileReference; lastKnownFileType = sourcecode.c.h; path = UserInfoModel.h; sourceTree = "<group>"; };
		C50938012101825A00A70E41 /* UserInfoModel.m */ = {isa = PBXFileReference; lastKnownFileType = sourcecode.c.objc; path = UserInfoModel.m; sourceTree = "<group>"; };
		C50938072101BE5000A70E41 /* PHAlert.h */ = {isa = PBXFileReference; lastKnownFileType = sourcecode.c.h; path = PHAlert.h; sourceTree = "<group>"; };
		C50938082101BE5000A70E41 /* PHAlert.m */ = {isa = PBXFileReference; lastKnownFileType = sourcecode.c.objc; path = PHAlert.m; sourceTree = "<group>"; };
		C509380A2101E34D00A70E41 /* UserChangeStatus.h */ = {isa = PBXFileReference; lastKnownFileType = sourcecode.c.h; path = UserChangeStatus.h; sourceTree = "<group>"; };
		C509380B2101E34D00A70E41 /* UserChangeStatus.m */ = {isa = PBXFileReference; lastKnownFileType = sourcecode.c.objc; path = UserChangeStatus.m; sourceTree = "<group>"; };
		C509D906211032EF00B50F1F /* NSString+MD5Encrypt.h */ = {isa = PBXFileReference; lastKnownFileType = sourcecode.c.h; path = "NSString+MD5Encrypt.h"; sourceTree = "<group>"; };
		C509D907211032EF00B50F1F /* NSString+MD5Encrypt.m */ = {isa = PBXFileReference; lastKnownFileType = sourcecode.c.objc; path = "NSString+MD5Encrypt.m"; sourceTree = "<group>"; };
		C51452D721114FCE0035C83A /* ChatCellFileView.h */ = {isa = PBXFileReference; lastKnownFileType = sourcecode.c.h; path = ChatCellFileView.h; sourceTree = "<group>"; };
		C51452D821114FCE0035C83A /* ChatCellFileView.m */ = {isa = PBXFileReference; lastKnownFileType = sourcecode.c.objc; path = ChatCellFileView.m; sourceTree = "<group>"; };
		C52855C6210EAFE100887345 /* FileManager.h */ = {isa = PBXFileReference; lastKnownFileType = sourcecode.c.h; path = FileManager.h; sourceTree = "<group>"; };
		C52855C7210EAFE100887345 /* FileManager.m */ = {isa = PBXFileReference; lastKnownFileType = sourcecode.c.objc; path = FileManager.m; sourceTree = "<group>"; };
		C52855CA210EBB3900887345 /* FileManagerCollectionViewCell.h */ = {isa = PBXFileReference; lastKnownFileType = sourcecode.c.h; path = FileManagerCollectionViewCell.h; sourceTree = "<group>"; };
		C52855CB210EBB3900887345 /* FileManagerCollectionViewCell.m */ = {isa = PBXFileReference; lastKnownFileType = sourcecode.c.objc; path = FileManagerCollectionViewCell.m; sourceTree = "<group>"; };
		C52855CE210EC1E400887345 /* FileManagerModel.h */ = {isa = PBXFileReference; lastKnownFileType = sourcecode.c.h; path = FileManagerModel.h; sourceTree = "<group>"; };
		C52855CF210EC1E400887345 /* FileManagerModel.m */ = {isa = PBXFileReference; lastKnownFileType = sourcecode.c.objc; path = FileManagerModel.m; sourceTree = "<group>"; };
		C52C7F00211AC42E00A4702D /* NSDate+Helper.h */ = {isa = PBXFileReference; lastKnownFileType = sourcecode.c.h; path = "NSDate+Helper.h"; sourceTree = "<group>"; };
		C52C7F01211AC42E00A4702D /* NSDate+Helper.m */ = {isa = PBXFileReference; lastKnownFileType = sourcecode.c.objc; path = "NSDate+Helper.m"; sourceTree = "<group>"; };
		C530D0BD21181922007CE2C4 /* PHDocumentPickerViewController.h */ = {isa = PBXFileReference; lastKnownFileType = sourcecode.c.h; path = PHDocumentPickerViewController.h; sourceTree = "<group>"; };
		C530D0BE21181922007CE2C4 /* PHDocumentPickerViewController.m */ = {isa = PBXFileReference; lastKnownFileType = sourcecode.c.objc; path = PHDocumentPickerViewController.m; sourceTree = "<group>"; };
		C530D0C021181CE9007CE2C4 /* YYIM.entitlements */ = {isa = PBXFileReference; lastKnownFileType = text.plist.entitlements; path = YYIM.entitlements; sourceTree = "<group>"; };
		C530D0C321182281007CE2C4 /* CloudKit.framework */ = {isa = PBXFileReference; lastKnownFileType = wrapper.framework; name = CloudKit.framework; path = System/Library/Frameworks/CloudKit.framework; sourceTree = SDKROOT; };
		C5467895211449AB00B86886 /* GroupChatModel.h */ = {isa = PBXFileReference; lastKnownFileType = sourcecode.c.h; path = GroupChatModel.h; sourceTree = "<group>"; };
		C5467896211449AB00B86886 /* GroupChatModel.m */ = {isa = PBXFileReference; lastKnownFileType = sourcecode.c.objc; path = GroupChatModel.m; sourceTree = "<group>"; };
		C55FF5EE20F6E57500A86F00 /* PHCellHeight.m */ = {isa = PBXFileReference; fileEncoding = 4; lastKnownFileType = sourcecode.c.objc; path = PHCellHeight.m; sourceTree = "<group>"; };
		C55FF5EF20F6E57500A86F00 /* PHCellHeight.h */ = {isa = PBXFileReference; fileEncoding = 4; lastKnownFileType = sourcecode.c.h; path = PHCellHeight.h; sourceTree = "<group>"; };
		C55FF5F120F6EB3A00A86F00 /* EmotionView.h */ = {isa = PBXFileReference; lastKnownFileType = sourcecode.c.h; path = EmotionView.h; sourceTree = "<group>"; };
		C55FF5F220F6EB3A00A86F00 /* EmotionView.m */ = {isa = PBXFileReference; lastKnownFileType = sourcecode.c.objc; path = EmotionView.m; sourceTree = "<group>"; };
		C55FF5F720F72A3B00A86F00 /* ChatAddView.h */ = {isa = PBXFileReference; lastKnownFileType = sourcecode.c.h; path = ChatAddView.h; sourceTree = "<group>"; };
		C55FF5F820F72A3B00A86F00 /* ChatAddView.m */ = {isa = PBXFileReference; lastKnownFileType = sourcecode.c.objc; path = ChatAddView.m; sourceTree = "<group>"; };
		C55FF60920F836D400A86F00 /* SocketTool.h */ = {isa = PBXFileReference; lastKnownFileType = sourcecode.c.h; path = SocketTool.h; sourceTree = "<group>"; };
		C55FF60A20F836D400A86F00 /* SocketTool.m */ = {isa = PBXFileReference; lastKnownFileType = sourcecode.c.objc; path = SocketTool.m; sourceTree = "<group>"; };
		C55FF60C20F8672C00A86F00 /* NetTool.h */ = {isa = PBXFileReference; lastKnownFileType = sourcecode.c.h; path = NetTool.h; sourceTree = "<group>"; };
		C55FF60D20F8672C00A86F00 /* NetTool.m */ = {isa = PBXFileReference; lastKnownFileType = sourcecode.c.objc; path = NetTool.m; sourceTree = "<group>"; };
		C55FF61520F898E000A86F00 /* MineTableViewCell.h */ = {isa = PBXFileReference; lastKnownFileType = sourcecode.c.h; path = MineTableViewCell.h; sourceTree = "<group>"; };
		C55FF61620F898E000A86F00 /* MineTableViewCell.m */ = {isa = PBXFileReference; lastKnownFileType = sourcecode.c.objc; path = MineTableViewCell.m; sourceTree = "<group>"; };
		C55FF61820F89A2300A86F00 /* DBTool.h */ = {isa = PBXFileReference; lastKnownFileType = sourcecode.c.h; path = DBTool.h; sourceTree = "<group>"; };
		C55FF61920F89A2300A86F00 /* DBTool.m */ = {isa = PBXFileReference; lastKnownFileType = sourcecode.c.objc; path = DBTool.m; sourceTree = "<group>"; };
		C56534EF2122DE460090ADC2 /* UIImage+Text_tag.h */ = {isa = PBXFileReference; lastKnownFileType = sourcecode.c.h; path = "UIImage+Text_tag.h"; sourceTree = "<group>"; };
		C56534F02122DE460090ADC2 /* UIImage+Text_tag.m */ = {isa = PBXFileReference; lastKnownFileType = sourcecode.c.objc; path = "UIImage+Text_tag.m"; sourceTree = "<group>"; };
		C57490462105D8FB00577882 /* PHPush.h */ = {isa = PBXFileReference; lastKnownFileType = sourcecode.c.h; path = PHPush.h; sourceTree = "<group>"; };
		C57490472105D8FB00577882 /* PHPush.m */ = {isa = PBXFileReference; lastKnownFileType = sourcecode.c.objc; path = PHPush.m; sourceTree = "<group>"; };
		C57490492107058C00577882 /* PersonCenterView.h */ = {isa = PBXFileReference; lastKnownFileType = sourcecode.c.h; path = PersonCenterView.h; sourceTree = "<group>"; };
		C574904A2107058C00577882 /* PersonCenterView.m */ = {isa = PBXFileReference; lastKnownFileType = sourcecode.c.objc; path = PersonCenterView.m; sourceTree = "<group>"; };
		C57490502107228800577882 /* ChatSettingViewController.h */ = {isa = PBXFileReference; lastKnownFileType = sourcecode.c.h; path = ChatSettingViewController.h; sourceTree = "<group>"; };
		C57490512107228800577882 /* ChatSettingViewController.m */ = {isa = PBXFileReference; lastKnownFileType = sourcecode.c.objc; path = ChatSettingViewController.m; sourceTree = "<group>"; };
		C57490532107317E00577882 /* PHPlayer.h */ = {isa = PBXFileReference; lastKnownFileType = sourcecode.c.h; path = PHPlayer.h; sourceTree = "<group>"; };
		C57490542107317E00577882 /* PHPlayer.m */ = {isa = PBXFileReference; lastKnownFileType = sourcecode.c.objc; path = PHPlayer.m; sourceTree = "<group>"; };
		C574905A210815D200577882 /* GroupChatSettingViewController.h */ = {isa = PBXFileReference; lastKnownFileType = sourcecode.c.h; path = GroupChatSettingViewController.h; sourceTree = "<group>"; };
		C574905B210815D200577882 /* GroupChatSettingViewController.m */ = {isa = PBXFileReference; lastKnownFileType = sourcecode.c.objc; path = GroupChatSettingViewController.m; sourceTree = "<group>"; };
		C574905D21085E4000577882 /* NaviAddAlertView.h */ = {isa = PBXFileReference; lastKnownFileType = sourcecode.c.h; path = NaviAddAlertView.h; sourceTree = "<group>"; };
		C574905E21085E4000577882 /* NaviAddAlertView.m */ = {isa = PBXFileReference; lastKnownFileType = sourcecode.c.objc; path = NaviAddAlertView.m; sourceTree = "<group>"; };
		C59020FB20F44D49001296C4 /* YYIM.app */ = {isa = PBXFileReference; explicitFileType = wrapper.application; includeInIndex = 0; path = YYIM.app; sourceTree = BUILT_PRODUCTS_DIR; };
		C59020FE20F44D49001296C4 /* AppDelegate.h */ = {isa = PBXFileReference; lastKnownFileType = sourcecode.c.h; path = AppDelegate.h; sourceTree = "<group>"; };
		C59020FF20F44D49001296C4 /* AppDelegate.m */ = {isa = PBXFileReference; lastKnownFileType = sourcecode.c.objc; path = AppDelegate.m; sourceTree = "<group>"; };
		C590210120F44D49001296C4 /* ViewController.h */ = {isa = PBXFileReference; lastKnownFileType = sourcecode.c.h; path = ViewController.h; sourceTree = "<group>"; };
		C590210220F44D49001296C4 /* ViewController.m */ = {isa = PBXFileReference; lastKnownFileType = sourcecode.c.objc; path = ViewController.m; sourceTree = "<group>"; };
		C590210520F44D49001296C4 /* Base */ = {isa = PBXFileReference; lastKnownFileType = file.storyboard; name = Base; path = Base.lproj/Main.storyboard; sourceTree = "<group>"; };
		C590210720F44D4F001296C4 /* Assets.xcassets */ = {isa = PBXFileReference; lastKnownFileType = folder.assetcatalog; path = Assets.xcassets; sourceTree = "<group>"; };
		C590210A20F44D4F001296C4 /* Base */ = {isa = PBXFileReference; lastKnownFileType = file.storyboard; name = Base; path = Base.lproj/LaunchScreen.storyboard; sourceTree = "<group>"; };
		C590210C20F44D4F001296C4 /* Info.plist */ = {isa = PBXFileReference; lastKnownFileType = text.plist.xml; path = Info.plist; sourceTree = "<group>"; };
		C590210D20F44D4F001296C4 /* main.m */ = {isa = PBXFileReference; lastKnownFileType = sourcecode.c.objc; path = main.m; sourceTree = "<group>"; };
		C590211320F44D4F001296C4 /* YYIMTests.xctest */ = {isa = PBXFileReference; explicitFileType = wrapper.cfbundle; includeInIndex = 0; path = YYIMTests.xctest; sourceTree = BUILT_PRODUCTS_DIR; };
		C590211720F44D4F001296C4 /* YYIMTests.m */ = {isa = PBXFileReference; lastKnownFileType = sourcecode.c.objc; path = YYIMTests.m; sourceTree = "<group>"; };
		C590211920F44D4F001296C4 /* Info.plist */ = {isa = PBXFileReference; lastKnownFileType = text.plist.xml; path = Info.plist; sourceTree = "<group>"; };
		C590211E20F44D4F001296C4 /* YYIMUITests.xctest */ = {isa = PBXFileReference; explicitFileType = wrapper.cfbundle; includeInIndex = 0; path = YYIMUITests.xctest; sourceTree = BUILT_PRODUCTS_DIR; };
		C590212220F44D4F001296C4 /* YYIMUITests.m */ = {isa = PBXFileReference; lastKnownFileType = sourcecode.c.objc; path = YYIMUITests.m; sourceTree = "<group>"; };
		C590212420F44D4F001296C4 /* Info.plist */ = {isa = PBXFileReference; lastKnownFileType = text.plist.xml; path = Info.plist; sourceTree = "<group>"; };
		C590213020F44D85001296C4 /* NavigationController.m */ = {isa = PBXFileReference; fileEncoding = 4; lastKnownFileType = sourcecode.c.objc; path = NavigationController.m; sourceTree = "<group>"; };
		C590213120F44D85001296C4 /* NavigationController.h */ = {isa = PBXFileReference; fileEncoding = 4; lastKnownFileType = sourcecode.c.h; path = NavigationController.h; sourceTree = "<group>"; };
		C590213220F44D86001296C4 /* TabBarController.h */ = {isa = PBXFileReference; fileEncoding = 4; lastKnownFileType = sourcecode.c.h; path = TabBarController.h; sourceTree = "<group>"; };
		C590213320F44D86001296C4 /* TabBarController.m */ = {isa = PBXFileReference; fileEncoding = 4; lastKnownFileType = sourcecode.c.objc; path = TabBarController.m; sourceTree = "<group>"; };
		C590213920F44E1D001296C4 /* BaseViewController.h */ = {isa = PBXFileReference; lastKnownFileType = sourcecode.c.h; path = BaseViewController.h; sourceTree = "<group>"; };
		C590213A20F44E1D001296C4 /* BaseViewController.m */ = {isa = PBXFileReference; lastKnownFileType = sourcecode.c.objc; path = BaseViewController.m; sourceTree = "<group>"; };
		C590214220F44FB3001296C4 /* MessageListViewController.h */ = {isa = PBXFileReference; lastKnownFileType = sourcecode.c.h; path = MessageListViewController.h; sourceTree = "<group>"; };
		C590214320F44FB3001296C4 /* MessageListViewController.m */ = {isa = PBXFileReference; lastKnownFileType = sourcecode.c.objc; path = MessageListViewController.m; sourceTree = "<group>"; };
		C590214520F44FD2001296C4 /* ContactsListViewController.h */ = {isa = PBXFileReference; lastKnownFileType = sourcecode.c.h; path = ContactsListViewController.h; sourceTree = "<group>"; };
		C590214620F44FD2001296C4 /* ContactsListViewController.m */ = {isa = PBXFileReference; lastKnownFileType = sourcecode.c.objc; path = ContactsListViewController.m; sourceTree = "<group>"; };
		C590214820F44FE1001296C4 /* MineViewController.h */ = {isa = PBXFileReference; lastKnownFileType = sourcecode.c.h; path = MineViewController.h; sourceTree = "<group>"; };
		C590214920F44FE1001296C4 /* MineViewController.m */ = {isa = PBXFileReference; lastKnownFileType = sourcecode.c.objc; path = MineViewController.m; sourceTree = "<group>"; };
		C590214C20F455DB001296C4 /* UIViewAdditions.h */ = {isa = PBXFileReference; fileEncoding = 4; lastKnownFileType = sourcecode.c.h; path = UIViewAdditions.h; sourceTree = "<group>"; };
		C590214D20F455DB001296C4 /* UIViewAdditions.m */ = {isa = PBXFileReference; fileEncoding = 4; lastKnownFileType = sourcecode.c.objc; path = UIViewAdditions.m; sourceTree = "<group>"; };
		C590214F20F455FC001296C4 /* PrefixHeader.pch */ = {isa = PBXFileReference; lastKnownFileType = sourcecode.c.h; path = PrefixHeader.pch; sourceTree = "<group>"; };
		C590215120F458F7001296C4 /* ContactsListTableViewCell.h */ = {isa = PBXFileReference; lastKnownFileType = sourcecode.c.h; path = ContactsListTableViewCell.h; sourceTree = "<group>"; };
		C590215220F458F7001296C4 /* ContactsListTableViewCell.m */ = {isa = PBXFileReference; lastKnownFileType = sourcecode.c.objc; path = ContactsListTableViewCell.m; sourceTree = "<group>"; };
		C590215520F45AA2001296C4 /* MessageLlistTableViewCell.h */ = {isa = PBXFileReference; lastKnownFileType = sourcecode.c.h; path = MessageLlistTableViewCell.h; sourceTree = "<group>"; };
		C590215620F45AA2001296C4 /* MessageLlistTableViewCell.m */ = {isa = PBXFileReference; lastKnownFileType = sourcecode.c.objc; path = MessageLlistTableViewCell.m; sourceTree = "<group>"; };
		C590215920F45FC5001296C4 /* ContactsListModel.h */ = {isa = PBXFileReference; lastKnownFileType = sourcecode.c.h; path = ContactsListModel.h; sourceTree = "<group>"; };
		C590215A20F45FC5001296C4 /* ContactsListModel.m */ = {isa = PBXFileReference; lastKnownFileType = sourcecode.c.objc; path = ContactsListModel.m; sourceTree = "<group>"; };
		C590215D20F491B2001296C4 /* Request.h */ = {isa = PBXFileReference; lastKnownFileType = sourcecode.c.h; path = Request.h; sourceTree = "<group>"; };
		C590215E20F491B2001296C4 /* Request.m */ = {isa = PBXFileReference; lastKnownFileType = sourcecode.c.objc; path = Request.m; sourceTree = "<group>"; };
		C590217520F4A3CF001296C4 /* LoginViewController.h */ = {isa = PBXFileReference; lastKnownFileType = sourcecode.c.h; path = LoginViewController.h; sourceTree = "<group>"; };
		C590217620F4A3CF001296C4 /* LoginViewController.m */ = {isa = PBXFileReference; lastKnownFileType = sourcecode.c.objc; path = LoginViewController.m; sourceTree = "<group>"; };
		C590217C20F4AEA4001296C4 /* MyFriendsViewController.h */ = {isa = PBXFileReference; lastKnownFileType = sourcecode.c.h; path = MyFriendsViewController.h; sourceTree = "<group>"; };
		C590217D20F4AEA4001296C4 /* MyFriendsViewController.m */ = {isa = PBXFileReference; lastKnownFileType = sourcecode.c.objc; path = MyFriendsViewController.m; sourceTree = "<group>"; };
		C590217F20F4AF36001296C4 /* MyFriendsModel.h */ = {isa = PBXFileReference; lastKnownFileType = sourcecode.c.h; path = MyFriendsModel.h; sourceTree = "<group>"; };
		C590218020F4AF36001296C4 /* MyFriendsModel.m */ = {isa = PBXFileReference; lastKnownFileType = sourcecode.c.objc; path = MyFriendsModel.m; sourceTree = "<group>"; };
		C590218220F4B07A001296C4 /* MyFriendTableViewCell.h */ = {isa = PBXFileReference; lastKnownFileType = sourcecode.c.h; path = MyFriendTableViewCell.h; sourceTree = "<group>"; };
		C590218320F4B07A001296C4 /* MyFriendTableViewCell.m */ = {isa = PBXFileReference; lastKnownFileType = sourcecode.c.objc; path = MyFriendTableViewCell.m; sourceTree = "<group>"; };
		C590218620F4B394001296C4 /* ChatViewController.h */ = {isa = PBXFileReference; lastKnownFileType = sourcecode.c.h; path = ChatViewController.h; sourceTree = "<group>"; };
		C590218720F4B394001296C4 /* ChatViewController.m */ = {isa = PBXFileReference; lastKnownFileType = sourcecode.c.objc; path = ChatViewController.m; sourceTree = "<group>"; };
		C590218B20F4B47F001296C4 /* ChatCell.h */ = {isa = PBXFileReference; lastKnownFileType = sourcecode.c.h; path = ChatCell.h; sourceTree = "<group>"; };
		C590218C20F4B47F001296C4 /* ChatCell.m */ = {isa = PBXFileReference; lastKnownFileType = sourcecode.c.objc; path = ChatCell.m; sourceTree = "<group>"; };
		C590218E20F4B531001296C4 /* ChatInputView.h */ = {isa = PBXFileReference; lastKnownFileType = sourcecode.c.h; path = ChatInputView.h; sourceTree = "<group>"; };
		C590218F20F4B531001296C4 /* ChatInputView.m */ = {isa = PBXFileReference; lastKnownFileType = sourcecode.c.objc; path = ChatInputView.m; sourceTree = "<group>"; };
		C590219420F4BE93001296C4 /* Define.h */ = {isa = PBXFileReference; lastKnownFileType = sourcecode.c.h; path = Define.h; sourceTree = "<group>"; };
		C59021A020F5A3ED001296C4 /* NSData+GZip.h */ = {isa = PBXFileReference; lastKnownFileType = sourcecode.c.h; path = "NSData+GZip.h"; sourceTree = "<group>"; };
		C59021A120F5A3ED001296C4 /* NSData+GZip.m */ = {isa = PBXFileReference; lastKnownFileType = sourcecode.c.objc; path = "NSData+GZip.m"; sourceTree = "<group>"; };
		C59021A320F5A4DF001296C4 /* libz.1.2.5.tbd */ = {isa = PBXFileReference; lastKnownFileType = "sourcecode.text-based-dylib-definition"; name = libz.1.2.5.tbd; path = usr/lib/libz.1.2.5.tbd; sourceTree = SDKROOT; };
		C59021A520F5A76A001296C4 /* NSString+Json.h */ = {isa = PBXFileReference; lastKnownFileType = sourcecode.c.h; path = "NSString+Json.h"; sourceTree = "<group>"; };
		C59021A620F5A76A001296C4 /* NSString+Json.m */ = {isa = PBXFileReference; lastKnownFileType = sourcecode.c.objc; path = "NSString+Json.m"; sourceTree = "<group>"; };
		C59021A920F5F583001296C4 /* MsgModel.h */ = {isa = PBXFileReference; lastKnownFileType = sourcecode.c.h; path = MsgModel.h; sourceTree = "<group>"; };
		C59021AA20F5F583001296C4 /* MsgModel.m */ = {isa = PBXFileReference; lastKnownFileType = sourcecode.c.objc; path = MsgModel.m; sourceTree = "<group>"; };
		C59021B520F5FC49001296C4 /* ProgressTool.h */ = {isa = PBXFileReference; lastKnownFileType = sourcecode.c.h; path = ProgressTool.h; sourceTree = "<group>"; };
		C59021B620F5FC49001296C4 /* ProgressTool.m */ = {isa = PBXFileReference; lastKnownFileType = sourcecode.c.objc; path = ProgressTool.m; sourceTree = "<group>"; };
		C59021B820F6088B001296C4 /* NSString+Base64.h */ = {isa = PBXFileReference; lastKnownFileType = sourcecode.c.h; path = "NSString+Base64.h"; sourceTree = "<group>"; };
		C59021B920F6088B001296C4 /* NSString+Base64.m */ = {isa = PBXFileReference; lastKnownFileType = sourcecode.c.objc; path = "NSString+Base64.m"; sourceTree = "<group>"; };
		C5C86428210AA71200E6BC7F /* UIView+Animation.h */ = {isa = PBXFileReference; lastKnownFileType = sourcecode.c.h; path = "UIView+Animation.h"; sourceTree = "<group>"; };
		C5C86429210AA71200E6BC7F /* UIView+Animation.m */ = {isa = PBXFileReference; lastKnownFileType = sourcecode.c.objc; path = "UIView+Animation.m"; sourceTree = "<group>"; };
		C5C8642B210AB8B400E6BC7F /* SocketRequest.h */ = {isa = PBXFileReference; lastKnownFileType = sourcecode.c.h; path = SocketRequest.h; sourceTree = "<group>"; };
		C5C8642C210AB8B400E6BC7F /* SocketRequest.m */ = {isa = PBXFileReference; lastKnownFileType = sourcecode.c.objc; path = SocketRequest.m; sourceTree = "<group>"; };
		C5C86433210AE28D00E6BC7F /* PhotoBrowserView.h */ = {isa = PBXFileReference; lastKnownFileType = sourcecode.c.h; path = PhotoBrowserView.h; sourceTree = "<group>"; };
		C5C86434210AE28D00E6BC7F /* PhotoBrowserView.m */ = {isa = PBXFileReference; lastKnownFileType = sourcecode.c.objc; path = PhotoBrowserView.m; sourceTree = "<group>"; };
		C5C8643A210B08ED00E6BC7F /* UpdatePasswordViewController.h */ = {isa = PBXFileReference; lastKnownFileType = sourcecode.c.h; path = UpdatePasswordViewController.h; sourceTree = "<group>"; };
		C5C8643B210B08ED00E6BC7F /* UpdatePasswordViewController.m */ = {isa = PBXFileReference; lastKnownFileType = sourcecode.c.objc; path = UpdatePasswordViewController.m; sourceTree = "<group>"; };
		C5C8643D210B2C5700E6BC7F /* DocumentPicker.h */ = {isa = PBXFileReference; lastKnownFileType = sourcecode.c.h; path = DocumentPicker.h; sourceTree = "<group>"; };
		C5C8643E210B2C5700E6BC7F /* DocumentPicker.m */ = {isa = PBXFileReference; lastKnownFileType = sourcecode.c.objc; path = DocumentPicker.m; sourceTree = "<group>"; };
		C5EFFCB220FC2CE3003BDB2E /* MessageManager.h */ = {isa = PBXFileReference; lastKnownFileType = sourcecode.c.h; path = MessageManager.h; sourceTree = "<group>"; };
		C5EFFCB320FC2CE3003BDB2E /* MessageManager.m */ = {isa = PBXFileReference; lastKnownFileType = sourcecode.c.objc; path = MessageManager.m; sourceTree = "<group>"; };
		C5EFFCB520FC3651003BDB2E /* ConversationModel.h */ = {isa = PBXFileReference; lastKnownFileType = sourcecode.c.h; path = ConversationModel.h; sourceTree = "<group>"; };
		C5EFFCB620FC3651003BDB2E /* ConversationModel.m */ = {isa = PBXFileReference; lastKnownFileType = sourcecode.c.objc; path = ConversationModel.m; sourceTree = "<group>"; };
		C5EFFCBB20FC5F34003BDB2E /* NSString+Helper.h */ = {isa = PBXFileReference; lastKnownFileType = sourcecode.c.h; path = "NSString+Helper.h"; sourceTree = "<group>"; };
		C5EFFCBC20FC5F34003BDB2E /* NSString+Helper.m */ = {isa = PBXFileReference; lastKnownFileType = sourcecode.c.objc; path = "NSString+Helper.m"; sourceTree = "<group>"; };
		C5EFFCC220FC6A64003BDB2E /* Emotion.bundle */ = {isa = PBXFileReference; explicitFileType = wrapper.cfbundle; includeInIndex = 0; path = Emotion.bundle; sourceTree = BUILT_PRODUCTS_DIR; };
		C5EFFE5A20FC6F42003BDB2E /* Emotion.bundle */ = {isa = PBXFileReference; lastKnownFileType = "wrapper.plug-in"; path = Emotion.bundle; sourceTree = "<group>"; };
		C5EFFE5C20FC923A003BDB2E /* RishTextAdapter.h */ = {isa = PBXFileReference; lastKnownFileType = sourcecode.c.h; path = RishTextAdapter.h; sourceTree = "<group>"; };
		C5EFFE5D20FC923A003BDB2E /* RishTextAdapter.m */ = {isa = PBXFileReference; lastKnownFileType = sourcecode.c.objc; path = RishTextAdapter.m; sourceTree = "<group>"; };
		C5EFFE5F20FDB555003BDB2E /* PHImagePickerController.m */ = {isa = PBXFileReference; fileEncoding = 4; lastKnownFileType = sourcecode.c.objc; path = PHImagePickerController.m; sourceTree = "<group>"; };
		C5EFFE6020FDB555003BDB2E /* PHImagePickerController.h */ = {isa = PBXFileReference; fileEncoding = 4; lastKnownFileType = sourcecode.c.h; path = PHImagePickerController.h; sourceTree = "<group>"; };
		C5EFFE6220FDBE23003BDB2E /* NSDictionary+Helper.h */ = {isa = PBXFileReference; lastKnownFileType = sourcecode.c.h; path = "NSDictionary+Helper.h"; sourceTree = "<group>"; };
		C5EFFE6320FDBE23003BDB2E /* NSDictionary+Helper.m */ = {isa = PBXFileReference; lastKnownFileType = sourcecode.c.objc; path = "NSDictionary+Helper.m"; sourceTree = "<group>"; };
		EC4D8DFB44757BA08EA582CF /* Pods-YYIMUITests.release.xcconfig */ = {isa = PBXFileReference; includeInIndex = 1; lastKnownFileType = text.xcconfig; name = "Pods-YYIMUITests.release.xcconfig"; path = "Pods/Target Support Files/Pods-YYIMUITests/Pods-YYIMUITests.release.xcconfig"; sourceTree = "<group>"; };
/* End PBXFileReference section */

/* Begin PBXFrameworksBuildPhase section */
		C59020F820F44D49001296C4 /* Frameworks */ = {
			isa = PBXFrameworksBuildPhase;
			buildActionMask = 2147483647;
			files = (
				C530D0C421182281007CE2C4 /* CloudKit.framework in Frameworks */,
				C59021A420F5A4DF001296C4 /* libz.1.2.5.tbd in Frameworks */,
				B2BE3C9C7563C48D286A847B /* libPods-YYIM.a in Frameworks */,
			);
			runOnlyForDeploymentPostprocessing = 0;
		};
		C590211020F44D4F001296C4 /* Frameworks */ = {
			isa = PBXFrameworksBuildPhase;
			buildActionMask = 2147483647;
			files = (
				3CAF869468F73E75B093A938 /* libPods-YYIMTests.a in Frameworks */,
			);
			runOnlyForDeploymentPostprocessing = 0;
		};
		C590211B20F44D4F001296C4 /* Frameworks */ = {
			isa = PBXFrameworksBuildPhase;
			buildActionMask = 2147483647;
			files = (
				79C6AF1FFD00DEFB63679084 /* libPods-YYIMUITests.a in Frameworks */,
			);
			runOnlyForDeploymentPostprocessing = 0;
		};
		C5EFFCBF20FC6A64003BDB2E /* Frameworks */ = {
			isa = PBXFrameworksBuildPhase;
			buildActionMask = 2147483647;
			files = (
			);
			runOnlyForDeploymentPostprocessing = 0;
		};
/* End PBXFrameworksBuildPhase section */

/* Begin PBXGroup section */
		2401D3DD7FB196D5EF247286 /* Frameworks */ = {
			isa = PBXGroup;
			children = (
				C530D0C321182281007CE2C4 /* CloudKit.framework */,
				C59021A320F5A4DF001296C4 /* libz.1.2.5.tbd */,
				938192F04F8ECFB5D01E5E49 /* libPods-YYIM.a */,
				9791F00C5904E36EFDD2329B /* libPods-YYIMTests.a */,
				5123BA9C0E0D7B303243152D /* libPods-YYIMUITests.a */,
			);
			name = Frameworks;
			sourceTree = "<group>";
		};
		C50937CD20FEED0200A70E41 /* 群聊列表 */ = {
			isa = PBXGroup;
			children = (
				C50937D020FEED4500A70E41 /* Models */,
				C50937CF20FEED3900A70E41 /* Views */,
				C50937CE20FEED2E00A70E41 /* Controllers */,
			);
			path = "群聊列表";
			sourceTree = "<group>";
		};
		C50937CE20FEED2E00A70E41 /* Controllers */ = {
			isa = PBXGroup;
			children = (
				C50937D120FEED7800A70E41 /* MyGroupChatViewController.h */,
				C50937D220FEED7800A70E41 /* MyGroupChatViewController.m */,
			);
			path = Controllers;
			sourceTree = "<group>";
		};
		C50937CF20FEED3900A70E41 /* Views */ = {
			isa = PBXGroup;
			children = (
				C50937D420FEEE5E00A70E41 /* MyGroupChatTableViewCell.h */,
				C50937D520FEEE5E00A70E41 /* MyGroupChatTableViewCell.m */,
			);
			path = Views;
			sourceTree = "<group>";
		};
		C50937D020FEED4500A70E41 /* Models */ = {
			isa = PBXGroup;
			children = (
				C50937D720FEEE8000A70E41 /* MyGroupChatModel.h */,
				C50937D820FEEE8000A70E41 /* MyGroupChatModel.m */,
			);
			path = Models;
			sourceTree = "<group>";
		};
		C50937DA20FF04DD00A70E41 /* 用户详情 */ = {
			isa = PBXGroup;
			children = (
				C50937DD20FF050C00A70E41 /* Models */,
				C50937DC20FF050000A70E41 /* Views */,
				C50937DB20FF04F500A70E41 /* Controllers */,
			);
			path = "用户详情";
			sourceTree = "<group>";
		};
		C50937DB20FF04F500A70E41 /* Controllers */ = {
			isa = PBXGroup;
			children = (
				C50937DE20FF052F00A70E41 /* PersonDetailViewController.h */,
				C50937DF20FF052F00A70E41 /* PersonDetailViewController.m */,
			);
			path = Controllers;
			sourceTree = "<group>";
		};
		C50937DC20FF050000A70E41 /* Views */ = {
			isa = PBXGroup;
			children = (
			);
			path = Views;
			sourceTree = "<group>";
		};
		C50937DD20FF050C00A70E41 /* Models */ = {
			isa = PBXGroup;
			children = (
			);
			path = Models;
			sourceTree = "<group>";
		};
		C50937E120FF05FE00A70E41 /* 联系人 */ = {
			isa = PBXGroup;
			children = (
				C50937E220FF063A00A70E41 /* ContactsViewController.h */,
				C50937E320FF063A00A70E41 /* ContactsViewController.m */,
			);
			path = "联系人";
			sourceTree = "<group>";
		};
		C50937E520FF0C7500A70E41 /* PHTabbar */ = {
			isa = PBXGroup;
			children = (
				C50937E620FF0C7500A70E41 /* PHTabbarView.h */,
				C50937E720FF0C7500A70E41 /* PHTabbarView.m */,
			);
			path = PHTabbar;
			sourceTree = "<group>";
		};
		C50937E820FF0C7500A70E41 /* PHSegment */ = {
			isa = PBXGroup;
			children = (
				C50937E920FF0C7500A70E41 /* PHSegmentViewController.h */,
				C50937EA20FF0C7500A70E41 /* PHSegmentViewController.m */,
			);
			path = PHSegment;
			sourceTree = "<group>";
		};
		C50937EF21003C4400A70E41 /* 群聊详情 */ = {
			isa = PBXGroup;
			children = (
				C50937F321003C6800A70E41 /* Controllers */,
			);
			path = "群聊详情";
			sourceTree = "<group>";
		};
		C50937F321003C6800A70E41 /* Controllers */ = {
			isa = PBXGroup;
			children = (
				C50937F021003C6200A70E41 /* GroupDetailViewController.h */,
				C50937F121003C6200A70E41 /* GroupDetailViewController.m */,
			);
			path = Controllers;
			sourceTree = "<group>";
		};
		C509380321019D8D00A70E41 /* 数据处理中心 */ = {
			isa = PBXGroup;
			children = (
				C5C8642B210AB8B400E6BC7F /* SocketRequest.h */,
				C5C8642C210AB8B400E6BC7F /* SocketRequest.m */,
				C55FF60920F836D400A86F00 /* SocketTool.h */,
				C55FF60A20F836D400A86F00 /* SocketTool.m */,
				C50937F4210073BE00A70E41 /* HandleSocketDao.h */,
				C50937F5210073BE00A70E41 /* HandleSocketDao.m */,
				C55FF61820F89A2300A86F00 /* DBTool.h */,
				C55FF61920F89A2300A86F00 /* DBTool.m */,
				C50937F72100809D00A70E41 /* PersonManager.h */,
				C50937F82100809D00A70E41 /* PersonManager.m */,
				C5EFFCB220FC2CE3003BDB2E /* MessageManager.h */,
				C5EFFCB320FC2CE3003BDB2E /* MessageManager.m */,
				C50938002101825A00A70E41 /* UserInfoModel.h */,
				C50938012101825A00A70E41 /* UserInfoModel.m */,
				C590215D20F491B2001296C4 /* Request.h */,
				C590215E20F491B2001296C4 /* Request.m */,
				C5467895211449AB00B86886 /* GroupChatModel.h */,
				C5467896211449AB00B86886 /* GroupChatModel.m */,
			);
			path = "数据处理中心";
			sourceTree = "<group>";
		};
		C52855C4210EAFB000887345 /* 文件管理 */ = {
			isa = PBXGroup;
			children = (
				C52855CD210EC1C700887345 /* Models */,
				C52855C9210EBB1100887345 /* Views */,
				C52855C5210EAFBD00887345 /* Controllers */,
			);
			path = "文件管理";
			sourceTree = "<group>";
		};
		C52855C5210EAFBD00887345 /* Controllers */ = {
			isa = PBXGroup;
			children = (
				C52855C6210EAFE100887345 /* FileManager.h */,
				C52855C7210EAFE100887345 /* FileManager.m */,
				C530D0BD21181922007CE2C4 /* PHDocumentPickerViewController.h */,
				C530D0BE21181922007CE2C4 /* PHDocumentPickerViewController.m */,
			);
			path = Controllers;
			sourceTree = "<group>";
		};
		C52855C9210EBB1100887345 /* Views */ = {
			isa = PBXGroup;
			children = (
				C52855CA210EBB3900887345 /* FileManagerCollectionViewCell.h */,
				C52855CB210EBB3900887345 /* FileManagerCollectionViewCell.m */,
			);
			path = Views;
			sourceTree = "<group>";
		};
		C52855CD210EC1C700887345 /* Models */ = {
			isa = PBXGroup;
			children = (
				C52855CE210EC1E400887345 /* FileManagerModel.h */,
				C52855CF210EC1E400887345 /* FileManagerModel.m */,
			);
			path = Models;
			sourceTree = "<group>";
		};
		C55FF60F20F872D300A86F00 /* Models */ = {
			isa = PBXGroup;
			children = (
				C5EFFCB520FC3651003BDB2E /* ConversationModel.h */,
				C5EFFCB620FC3651003BDB2E /* ConversationModel.m */,
			);
			path = Models;
			sourceTree = "<group>";
		};
		C55FF61320F898B900A86F00 /* Views */ = {
			isa = PBXGroup;
			children = (
				C55FF61520F898E000A86F00 /* MineTableViewCell.h */,
				C55FF61620F898E000A86F00 /* MineTableViewCell.m */,
				C509380A2101E34D00A70E41 /* UserChangeStatus.h */,
				C509380B2101E34D00A70E41 /* UserChangeStatus.m */,
			);
			path = Views;
			sourceTree = "<group>";
		};
		C55FF61420F898C200A86F00 /* Models */ = {
			isa = PBXGroup;
			children = (
			);
			path = Models;
			sourceTree = "<group>";
		};
		C574904C2107223A00577882 /* 聊天设置 */ = {
			isa = PBXGroup;
			children = (
				C574904F2107226500577882 /* Models */,
				C574904E2107225C00577882 /* Views */,
				C574904D2107224600577882 /* Controllers */,
			);
			path = "聊天设置";
			sourceTree = "<group>";
		};
		C574904D2107224600577882 /* Controllers */ = {
			isa = PBXGroup;
			children = (
				C57490502107228800577882 /* ChatSettingViewController.h */,
				C57490512107228800577882 /* ChatSettingViewController.m */,
			);
			path = Controllers;
			sourceTree = "<group>";
		};
		C574904E2107225C00577882 /* Views */ = {
			isa = PBXGroup;
			children = (
			);
			path = Views;
			sourceTree = "<group>";
		};
		C574904F2107226500577882 /* Models */ = {
			isa = PBXGroup;
			children = (
			);
			path = Models;
			sourceTree = "<group>";
		};
		C57490562108158000577882 /* 群聊设置 */ = {
			isa = PBXGroup;
			children = (
				C5749059210815AF00577882 /* Models */,
				C5749058210815A300577882 /* Views */,
				C57490572108159700577882 /* Controllers */,
			);
			path = "群聊设置";
			sourceTree = "<group>";
		};
		C57490572108159700577882 /* Controllers */ = {
			isa = PBXGroup;
			children = (
				C574905A210815D200577882 /* GroupChatSettingViewController.h */,
				C574905B210815D200577882 /* GroupChatSettingViewController.m */,
			);
			path = Controllers;
			sourceTree = "<group>";
		};
		C5749058210815A300577882 /* Views */ = {
			isa = PBXGroup;
			children = (
			);
			path = Views;
			sourceTree = "<group>";
		};
		C5749059210815AF00577882 /* Models */ = {
			isa = PBXGroup;
			children = (
			);
			path = Models;
			sourceTree = "<group>";
		};
		C59020F220F44D49001296C4 = {
			isa = PBXGroup;
			children = (
				C59020FD20F44D49001296C4 /* YYIM */,
				C590211620F44D4F001296C4 /* YYIMTests */,
				C590212120F44D4F001296C4 /* YYIMUITests */,
				C59020FC20F44D49001296C4 /* Products */,
				CA3C244C146077441E4A0A5A /* Pods */,
				2401D3DD7FB196D5EF247286 /* Frameworks */,
			);
			sourceTree = "<group>";
		};
		C59020FC20F44D49001296C4 /* Products */ = {
			isa = PBXGroup;
			children = (
				C59020FB20F44D49001296C4 /* YYIM.app */,
				C590211320F44D4F001296C4 /* YYIMTests.xctest */,
				C590211E20F44D4F001296C4 /* YYIMUITests.xctest */,
				C5EFFCC220FC6A64003BDB2E /* Emotion.bundle */,
			);
			name = Products;
			sourceTree = "<group>";
		};
		C59020FD20F44D49001296C4 /* YYIM */ = {
			isa = PBXGroup;
			children = (
				C530D0C021181CE9007CE2C4 /* YYIM.entitlements */,
				C50937ED20FF20F500A70E41 /* LocalHeadIcon.bundle */,
				C5EFFE5A20FC6F42003BDB2E /* Emotion.bundle */,
				C590210C20F44D4F001296C4 /* Info.plist */,
				C590214B20F4513F001296C4 /* Main */,
				C590213720F44DFA001296C4 /* Tools */,
				C590213620F44DED001296C4 /* iPhone */,
			);
			path = YYIM;
			sourceTree = "<group>";
		};
		C590211620F44D4F001296C4 /* YYIMTests */ = {
			isa = PBXGroup;
			children = (
				C590211720F44D4F001296C4 /* YYIMTests.m */,
				C590211920F44D4F001296C4 /* Info.plist */,
			);
			path = YYIMTests;
			sourceTree = "<group>";
		};
		C590212120F44D4F001296C4 /* YYIMUITests */ = {
			isa = PBXGroup;
			children = (
				C590212220F44D4F001296C4 /* YYIMUITests.m */,
				C590212420F44D4F001296C4 /* Info.plist */,
			);
			path = YYIMUITests;
			sourceTree = "<group>";
		};
		C590213620F44DED001296C4 /* iPhone */ = {
			isa = PBXGroup;
			children = (
				C509380321019D8D00A70E41 /* 数据处理中心 */,
				C52855C4210EAFB000887345 /* 文件管理 */,
				C5C86436210B08A100E6BC7F /* 修改密码 */,
				C5C8642E210AE05400E6BC7F /* 图片浏览器 */,
				C57490562108158000577882 /* 群聊设置 */,
				C574904C2107223A00577882 /* 聊天设置 */,
				C50937EF21003C4400A70E41 /* 群聊详情 */,
				C50937E120FF05FE00A70E41 /* 联系人 */,
				C50937DA20FF04DD00A70E41 /* 用户详情 */,
				C50937CD20FEED0200A70E41 /* 群聊列表 */,
				C590218520F4B36B001296C4 /* 聊天页面 */,
				C590217820F4AE6F001296C4 /* 我的好友 */,
				C590213E20F44F31001296C4 /* Mine */,
				C590213D20F44F14001296C4 /* 组织架构 */,
				C590213C20F44F09001296C4 /* 会话消息 */,
				C590217520F4A3CF001296C4 /* LoginViewController.h */,
				C590217620F4A3CF001296C4 /* LoginViewController.m */,
				C590219420F4BE93001296C4 /* Define.h */,
				C57490492107058C00577882 /* PersonCenterView.h */,
				C574904A2107058C00577882 /* PersonCenterView.m */,
				C574905D21085E4000577882 /* NaviAddAlertView.h */,
				C574905E21085E4000577882 /* NaviAddAlertView.m */,
			);
			path = iPhone;
			sourceTree = "<group>";
		};
		C590213720F44DFA001296C4 /* Tools */ = {
			isa = PBXGroup;
			children = (
				C50937E820FF0C7500A70E41 /* PHSegment */,
				C50937E520FF0C7500A70E41 /* PHTabbar */,
				C5EFFE6020FDB555003BDB2E /* PHImagePickerController.h */,
				C5EFFE5F20FDB555003BDB2E /* PHImagePickerController.m */,
				C55FF5EF20F6E57500A86F00 /* PHCellHeight.h */,
				C55FF5EE20F6E57500A86F00 /* PHCellHeight.m */,
				C590214C20F455DB001296C4 /* UIViewAdditions.h */,
				C590214D20F455DB001296C4 /* UIViewAdditions.m */,
				C590213820F44E06001296C4 /* Base */,
				C59021A520F5A76A001296C4 /* NSString+Json.h */,
				C59021A620F5A76A001296C4 /* NSString+Json.m */,
				C59021B820F6088B001296C4 /* NSString+Base64.h */,
				C59021B920F6088B001296C4 /* NSString+Base64.m */,
				C59021A020F5A3ED001296C4 /* NSData+GZip.h */,
				C59021A120F5A3ED001296C4 /* NSData+GZip.m */,
				C59021B520F5FC49001296C4 /* ProgressTool.h */,
				C59021B620F5FC49001296C4 /* ProgressTool.m */,
				C55FF60C20F8672C00A86F00 /* NetTool.h */,
				C55FF60D20F8672C00A86F00 /* NetTool.m */,
				C5EFFCBB20FC5F34003BDB2E /* NSString+Helper.h */,
				C5EFFCBC20FC5F34003BDB2E /* NSString+Helper.m */,
				C5EFFE6220FDBE23003BDB2E /* NSDictionary+Helper.h */,
				C5EFFE6320FDBE23003BDB2E /* NSDictionary+Helper.m */,
				C50937FD2100936400A70E41 /* UIImage+Helper.h */,
				C50937FE2100936400A70E41 /* UIImage+Helper.m */,
				C50938072101BE5000A70E41 /* PHAlert.h */,
				C50938082101BE5000A70E41 /* PHAlert.m */,
				C57490462105D8FB00577882 /* PHPush.h */,
				C57490472105D8FB00577882 /* PHPush.m */,
				C57490532107317E00577882 /* PHPlayer.h */,
				C57490542107317E00577882 /* PHPlayer.m */,
				C5C86428210AA71200E6BC7F /* UIView+Animation.h */,
				C5C86429210AA71200E6BC7F /* UIView+Animation.m */,
				C5C8643D210B2C5700E6BC7F /* DocumentPicker.h */,
				C5C8643E210B2C5700E6BC7F /* DocumentPicker.m */,
				C509D906211032EF00B50F1F /* NSString+MD5Encrypt.h */,
				C509D907211032EF00B50F1F /* NSString+MD5Encrypt.m */,
				C52C7F00211AC42E00A4702D /* NSDate+Helper.h */,
				C52C7F01211AC42E00A4702D /* NSDate+Helper.m */,
			);
			path = Tools;
			sourceTree = "<group>";
		};
		C590213820F44E06001296C4 /* Base */ = {
			isa = PBXGroup;
			children = (
				C590213920F44E1D001296C4 /* BaseViewController.h */,
				C590213A20F44E1D001296C4 /* BaseViewController.m */,
			);
			path = Base;
			sourceTree = "<group>";
		};
		C590213C20F44F09001296C4 /* 会话消息 */ = {
			isa = PBXGroup;
			children = (
				C55FF60F20F872D300A86F00 /* Models */,
				C590215420F45A8A001296C4 /* Views */,
				C590213F20F44F5D001296C4 /* Controllers */,
			);
			path = "会话消息";
			sourceTree = "<group>";
		};
		C590213D20F44F14001296C4 /* 组织架构 */ = {
			isa = PBXGroup;
			children = (
				C590215820F45AF6001296C4 /* Models */,
				C590215020F458C4001296C4 /* Views */,
				C590214020F44F77001296C4 /* Controllers */,
			);
			path = "组织架构";
			sourceTree = "<group>";
		};
		C590213E20F44F31001296C4 /* Mine */ = {
			isa = PBXGroup;
			children = (
				C55FF61420F898C200A86F00 /* Models */,
				C55FF61320F898B900A86F00 /* Views */,
				C590214120F44F7B001296C4 /* Controllers */,
			);
			path = Mine;
			sourceTree = "<group>";
		};
		C590213F20F44F5D001296C4 /* Controllers */ = {
			isa = PBXGroup;
			children = (
				C590214220F44FB3001296C4 /* MessageListViewController.h */,
				C590214320F44FB3001296C4 /* MessageListViewController.m */,
			);
			path = Controllers;
			sourceTree = "<group>";
		};
		C590214020F44F77001296C4 /* Controllers */ = {
			isa = PBXGroup;
			children = (
				C590214520F44FD2001296C4 /* ContactsListViewController.h */,
				C590214620F44FD2001296C4 /* ContactsListViewController.m */,
			);
			path = Controllers;
			sourceTree = "<group>";
		};
		C590214120F44F7B001296C4 /* Controllers */ = {
			isa = PBXGroup;
			children = (
				C590214820F44FE1001296C4 /* MineViewController.h */,
				C590214920F44FE1001296C4 /* MineViewController.m */,
			);
			path = Controllers;
			sourceTree = "<group>";
		};
		C590214B20F4513F001296C4 /* Main */ = {
			isa = PBXGroup;
			children = (
				C59020FE20F44D49001296C4 /* AppDelegate.h */,
				C59020FF20F44D49001296C4 /* AppDelegate.m */,
				C590210120F44D49001296C4 /* ViewController.h */,
				C590210220F44D49001296C4 /* ViewController.m */,
				C590213120F44D85001296C4 /* NavigationController.h */,
				C590213020F44D85001296C4 /* NavigationController.m */,
				C590213220F44D86001296C4 /* TabBarController.h */,
				C590213320F44D86001296C4 /* TabBarController.m */,
				C590210420F44D49001296C4 /* Main.storyboard */,
				C590210720F44D4F001296C4 /* Assets.xcassets */,
				C590210920F44D4F001296C4 /* LaunchScreen.storyboard */,
				C590210D20F44D4F001296C4 /* main.m */,
				C590214F20F455FC001296C4 /* PrefixHeader.pch */,
			);
			path = Main;
			sourceTree = "<group>";
		};
		C590215020F458C4001296C4 /* Views */ = {
			isa = PBXGroup;
			children = (
				C590215120F458F7001296C4 /* ContactsListTableViewCell.h */,
				C590215220F458F7001296C4 /* ContactsListTableViewCell.m */,
			);
			path = Views;
			sourceTree = "<group>";
		};
		C590215420F45A8A001296C4 /* Views */ = {
			isa = PBXGroup;
			children = (
				C590215520F45AA2001296C4 /* MessageLlistTableViewCell.h */,
				C590215620F45AA2001296C4 /* MessageLlistTableViewCell.m */,
			);
			path = Views;
			sourceTree = "<group>";
		};
		C590215820F45AF6001296C4 /* Models */ = {
			isa = PBXGroup;
			children = (
				C590215920F45FC5001296C4 /* ContactsListModel.h */,
				C590215A20F45FC5001296C4 /* ContactsListModel.m */,
			);
			path = Models;
			sourceTree = "<group>";
		};
		C590217820F4AE6F001296C4 /* 我的好友 */ = {
			isa = PBXGroup;
			children = (
				C590217B20F4AE8E001296C4 /* Models */,
				C590217A20F4AE85001296C4 /* Views */,
				C590217920F4AE7A001296C4 /* Controllers */,
			);
			name = "我的好友";
			path = "我的hao yu";
			sourceTree = "<group>";
		};
		C590217920F4AE7A001296C4 /* Controllers */ = {
			isa = PBXGroup;
			children = (
				C590217C20F4AEA4001296C4 /* MyFriendsViewController.h */,
				C590217D20F4AEA4001296C4 /* MyFriendsViewController.m */,
			);
			path = Controllers;
			sourceTree = "<group>";
		};
		C590217A20F4AE85001296C4 /* Views */ = {
			isa = PBXGroup;
			children = (
				C590218220F4B07A001296C4 /* MyFriendTableViewCell.h */,
				C590218320F4B07A001296C4 /* MyFriendTableViewCell.m */,
				C50937CA20FEE04D00A70E41 /* MyFriendsGroupHeaderView.h */,
				C50937CB20FEE04D00A70E41 /* MyFriendsGroupHeaderView.m */,
			);
			path = Views;
			sourceTree = "<group>";
		};
		C590217B20F4AE8E001296C4 /* Models */ = {
			isa = PBXGroup;
			children = (
				C590217F20F4AF36001296C4 /* MyFriendsModel.h */,
				C590218020F4AF36001296C4 /* MyFriendsModel.m */,
				C50937C720FEDF3400A70E41 /* MyFriendsGroupModel.h */,
				C50937C820FEDF3400A70E41 /* MyFriendsGroupModel.m */,
			);
			path = Models;
			sourceTree = "<group>";
		};
		C590218520F4B36B001296C4 /* 聊天页面 */ = {
			isa = PBXGroup;
			children = (
				C59021A820F5F544001296C4 /* Models */,
				C590218A20F4B3A3001296C4 /* Views */,
				C590218920F4B399001296C4 /* Controllers */,
			);
			path = "聊天页面";
			sourceTree = "<group>";
		};
		C590218920F4B399001296C4 /* Controllers */ = {
			isa = PBXGroup;
			children = (
				C590218620F4B394001296C4 /* ChatViewController.h */,
				C590218720F4B394001296C4 /* ChatViewController.m */,
			);
			path = Controllers;
			sourceTree = "<group>";
		};
		C590218A20F4B3A3001296C4 /* Views */ = {
			isa = PBXGroup;
			children = (
				C590218B20F4B47F001296C4 /* ChatCell.h */,
				C590218C20F4B47F001296C4 /* ChatCell.m */,
				C590218E20F4B531001296C4 /* ChatInputView.h */,
				C590218F20F4B531001296C4 /* ChatInputView.m */,
				C55FF5F120F6EB3A00A86F00 /* EmotionView.h */,
				C55FF5F220F6EB3A00A86F00 /* EmotionView.m */,
				C55FF5F720F72A3B00A86F00 /* ChatAddView.h */,
				C55FF5F820F72A3B00A86F00 /* ChatAddView.m */,
				C51452D721114FCE0035C83A /* ChatCellFileView.h */,
				C51452D821114FCE0035C83A /* ChatCellFileView.m */,
			);
			path = Views;
			sourceTree = "<group>";
		};
		C59021A820F5F544001296C4 /* Models */ = {
			isa = PBXGroup;
			children = (
				C59021A920F5F583001296C4 /* MsgModel.h */,
				C59021AA20F5F583001296C4 /* MsgModel.m */,
				C5EFFE5C20FC923A003BDB2E /* RishTextAdapter.h */,
				C5EFFE5D20FC923A003BDB2E /* RishTextAdapter.m */,
				C56534EF2122DE460090ADC2 /* UIImage+Text_tag.h */,
				C56534F02122DE460090ADC2 /* UIImage+Text_tag.m */,
			);
			path = Models;
			sourceTree = "<group>";
		};
		C5C8642E210AE05400E6BC7F /* 图片浏览器 */ = {
			isa = PBXGroup;
			children = (
				C5C86433210AE28D00E6BC7F /* PhotoBrowserView.h */,
				C5C86434210AE28D00E6BC7F /* PhotoBrowserView.m */,
				C5C8642F210AE06600E6BC7F /* Controllers */,
			);
			path = "图片浏览器";
			sourceTree = "<group>";
		};
		C5C8642F210AE06600E6BC7F /* Controllers */ = {
			isa = PBXGroup;
			children = (
			);
			path = Controllers;
			sourceTree = "<group>";
		};
		C5C86436210B08A100E6BC7F /* 修改密码 */ = {
			isa = PBXGroup;
			children = (
				C5C86439210B08C300E6BC7F /* Models */,
				C5C86438210B08BB00E6BC7F /* Views */,
				C5C86437210B08AE00E6BC7F /* Controllers */,
			);
			path = "修改密码";
			sourceTree = "<group>";
		};
		C5C86437210B08AE00E6BC7F /* Controllers */ = {
			isa = PBXGroup;
			children = (
				C5C8643A210B08ED00E6BC7F /* UpdatePasswordViewController.h */,
				C5C8643B210B08ED00E6BC7F /* UpdatePasswordViewController.m */,
			);
			path = Controllers;
			sourceTree = "<group>";
		};
		C5C86438210B08BB00E6BC7F /* Views */ = {
			isa = PBXGroup;
			children = (
			);
			path = Views;
			sourceTree = "<group>";
		};
		C5C86439210B08C300E6BC7F /* Models */ = {
			isa = PBXGroup;
			children = (
			);
			path = Models;
			sourceTree = "<group>";
		};
		CA3C244C146077441E4A0A5A /* Pods */ = {
			isa = PBXGroup;
			children = (
				4D6B33E3CEA6CB04BB0FE9E6 /* Pods-YYIM.debug.xcconfig */,
				BB59103455D6E2DC3664B0B2 /* Pods-YYIM.release.xcconfig */,
				854A10B47B74A3EC8121586B /* Pods-YYIMTests.debug.xcconfig */,
				404398A8A5B1B1BB3FA00D4E /* Pods-YYIMTests.release.xcconfig */,
				77B3230961267D496C111955 /* Pods-YYIMUITests.debug.xcconfig */,
				EC4D8DFB44757BA08EA582CF /* Pods-YYIMUITests.release.xcconfig */,
			);
			name = Pods;
			sourceTree = "<group>";
		};
/* End PBXGroup section */

/* Begin PBXNativeTarget section */
		C59020FA20F44D49001296C4 /* YYIM */ = {
			isa = PBXNativeTarget;
			buildConfigurationList = C590212720F44D4F001296C4 /* Build configuration list for PBXNativeTarget "YYIM" */;
			buildPhases = (
				39625DEBCE849786C289942F /* [CP] Check Pods Manifest.lock */,
				C59020F720F44D49001296C4 /* Sources */,
				C59020F820F44D49001296C4 /* Frameworks */,
				C59020F920F44D49001296C4 /* Resources */,
				B4677EAB361030AF69C545AE /* [CP] Copy Pods Resources */,
			);
			buildRules = (
			);
			dependencies = (
			);
			name = YYIM;
			productName = YYIM;
			productReference = C59020FB20F44D49001296C4 /* YYIM.app */;
			productType = "com.apple.product-type.application";
		};
		C590211220F44D4F001296C4 /* YYIMTests */ = {
			isa = PBXNativeTarget;
			buildConfigurationList = C590212A20F44D4F001296C4 /* Build configuration list for PBXNativeTarget "YYIMTests" */;
			buildPhases = (
				42CE55BA7165ADEA0F55FA0F /* [CP] Check Pods Manifest.lock */,
				C590210F20F44D4F001296C4 /* Sources */,
				C590211020F44D4F001296C4 /* Frameworks */,
				C590211120F44D4F001296C4 /* Resources */,
			);
			buildRules = (
			);
			dependencies = (
				C590211520F44D4F001296C4 /* PBXTargetDependency */,
			);
			name = YYIMTests;
			productName = YYIMTests;
			productReference = C590211320F44D4F001296C4 /* YYIMTests.xctest */;
			productType = "com.apple.product-type.bundle.unit-test";
		};
		C590211D20F44D4F001296C4 /* YYIMUITests */ = {
			isa = PBXNativeTarget;
			buildConfigurationList = C590212D20F44D4F001296C4 /* Build configuration list for PBXNativeTarget "YYIMUITests" */;
			buildPhases = (
				3C0464353E465DDECD0E985D /* [CP] Check Pods Manifest.lock */,
				C590211A20F44D4F001296C4 /* Sources */,
				C590211B20F44D4F001296C4 /* Frameworks */,
				C590211C20F44D4F001296C4 /* Resources */,
			);
			buildRules = (
			);
			dependencies = (
				C590212020F44D4F001296C4 /* PBXTargetDependency */,
			);
			name = YYIMUITests;
			productName = YYIMUITests;
			productReference = C590211E20F44D4F001296C4 /* YYIMUITests.xctest */;
			productType = "com.apple.product-type.bundle.ui-testing";
		};
		C5EFFCC120FC6A64003BDB2E /* Emotion */ = {
			isa = PBXNativeTarget;
			buildConfigurationList = C5EFFCC520FC6A64003BDB2E /* Build configuration list for PBXNativeTarget "Emotion" */;
			buildPhases = (
				C5EFFCBE20FC6A64003BDB2E /* Sources */,
				C5EFFCBF20FC6A64003BDB2E /* Frameworks */,
				C5EFFCC020FC6A64003BDB2E /* Resources */,
			);
			buildRules = (
			);
			dependencies = (
			);
			name = Emotion;
			productName = Emotion;
			productReference = C5EFFCC220FC6A64003BDB2E /* Emotion.bundle */;
			productType = "com.apple.product-type.bundle";
		};
/* End PBXNativeTarget section */

/* Begin PBXProject section */
		C59020F320F44D49001296C4 /* Project object */ = {
			isa = PBXProject;
			attributes = {
				LastUpgradeCheck = 0940;
				ORGANIZATIONNAME = Jobs;
				TargetAttributes = {
					C59020FA20F44D49001296C4 = {
						CreatedOnToolsVersion = 9.4.1;
						SystemCapabilities = {
							com.apple.Push = {
								enabled = 1;
							};
							com.apple.iCloud = {
								enabled = 1;
							};
						};
					};
					C590211220F44D4F001296C4 = {
						CreatedOnToolsVersion = 9.4.1;
						TestTargetID = C59020FA20F44D49001296C4;
					};
					C590211D20F44D4F001296C4 = {
						CreatedOnToolsVersion = 9.4.1;
						TestTargetID = C59020FA20F44D49001296C4;
					};
					C5EFFCC120FC6A64003BDB2E = {
						CreatedOnToolsVersion = 9.4.1;
					};
				};
			};
			buildConfigurationList = C59020F620F44D49001296C4 /* Build configuration list for PBXProject "YYIM" */;
			compatibilityVersion = "Xcode 9.3";
			developmentRegion = en;
			hasScannedForEncodings = 0;
			knownRegions = (
				en,
				Base,
			);
			mainGroup = C59020F220F44D49001296C4;
			productRefGroup = C59020FC20F44D49001296C4 /* Products */;
			projectDirPath = "";
			projectRoot = "";
			targets = (
				C59020FA20F44D49001296C4 /* YYIM */,
				C590211220F44D4F001296C4 /* YYIMTests */,
				C590211D20F44D4F001296C4 /* YYIMUITests */,
				C5EFFCC120FC6A64003BDB2E /* Emotion */,
			);
		};
/* End PBXProject section */

/* Begin PBXResourcesBuildPhase section */
		C59020F920F44D49001296C4 /* Resources */ = {
			isa = PBXResourcesBuildPhase;
			buildActionMask = 2147483647;
			files = (
				C590210B20F44D4F001296C4 /* LaunchScreen.storyboard in Resources */,
				C590210820F44D4F001296C4 /* Assets.xcassets in Resources */,
				C50937EE20FF20F600A70E41 /* LocalHeadIcon.bundle in Resources */,
				C590219520F4BE93001296C4 /* Define.h in Resources */,
				C590210620F44D49001296C4 /* Main.storyboard in Resources */,
				C5EFFE5B20FC6F42003BDB2E /* Emotion.bundle in Resources */,
			);
			runOnlyForDeploymentPostprocessing = 0;
		};
		C590211120F44D4F001296C4 /* Resources */ = {
			isa = PBXResourcesBuildPhase;
			buildActionMask = 2147483647;
			files = (
			);
			runOnlyForDeploymentPostprocessing = 0;
		};
		C590211C20F44D4F001296C4 /* Resources */ = {
			isa = PBXResourcesBuildPhase;
			buildActionMask = 2147483647;
			files = (
			);
			runOnlyForDeploymentPostprocessing = 0;
		};
		C5EFFCC020FC6A64003BDB2E /* Resources */ = {
			isa = PBXResourcesBuildPhase;
			buildActionMask = 2147483647;
			files = (
			);
			runOnlyForDeploymentPostprocessing = 0;
		};
/* End PBXResourcesBuildPhase section */

/* Begin PBXShellScriptBuildPhase section */
		39625DEBCE849786C289942F /* [CP] Check Pods Manifest.lock */ = {
			isa = PBXShellScriptBuildPhase;
			buildActionMask = 2147483647;
			files = (
			);
			inputPaths = (
				"${PODS_PODFILE_DIR_PATH}/Podfile.lock",
				"${PODS_ROOT}/Manifest.lock",
			);
			name = "[CP] Check Pods Manifest.lock";
			outputPaths = (
				"$(DERIVED_FILE_DIR)/Pods-YYIM-checkManifestLockResult.txt",
			);
			runOnlyForDeploymentPostprocessing = 0;
			shellPath = /bin/sh;
			shellScript = "diff \"${PODS_PODFILE_DIR_PATH}/Podfile.lock\" \"${PODS_ROOT}/Manifest.lock\" > /dev/null\nif [ $? != 0 ] ; then\n    # print error to STDERR\n    echo \"error: The sandbox is not in sync with the Podfile.lock. Run 'pod install' or update your CocoaPods installation.\" >&2\n    exit 1\nfi\n# This output is used by Xcode 'outputs' to avoid re-running this script phase.\necho \"SUCCESS\" > \"${SCRIPT_OUTPUT_FILE_0}\"\n";
			showEnvVarsInLog = 0;
		};
		3C0464353E465DDECD0E985D /* [CP] Check Pods Manifest.lock */ = {
			isa = PBXShellScriptBuildPhase;
			buildActionMask = 2147483647;
			files = (
			);
			inputPaths = (
				"${PODS_PODFILE_DIR_PATH}/Podfile.lock",
				"${PODS_ROOT}/Manifest.lock",
			);
			name = "[CP] Check Pods Manifest.lock";
			outputPaths = (
				"$(DERIVED_FILE_DIR)/Pods-YYIMUITests-checkManifestLockResult.txt",
			);
			runOnlyForDeploymentPostprocessing = 0;
			shellPath = /bin/sh;
			shellScript = "diff \"${PODS_PODFILE_DIR_PATH}/Podfile.lock\" \"${PODS_ROOT}/Manifest.lock\" > /dev/null\nif [ $? != 0 ] ; then\n    # print error to STDERR\n    echo \"error: The sandbox is not in sync with the Podfile.lock. Run 'pod install' or update your CocoaPods installation.\" >&2\n    exit 1\nfi\n# This output is used by Xcode 'outputs' to avoid re-running this script phase.\necho \"SUCCESS\" > \"${SCRIPT_OUTPUT_FILE_0}\"\n";
			showEnvVarsInLog = 0;
		};
		42CE55BA7165ADEA0F55FA0F /* [CP] Check Pods Manifest.lock */ = {
			isa = PBXShellScriptBuildPhase;
			buildActionMask = 2147483647;
			files = (
			);
			inputPaths = (
				"${PODS_PODFILE_DIR_PATH}/Podfile.lock",
				"${PODS_ROOT}/Manifest.lock",
			);
			name = "[CP] Check Pods Manifest.lock";
			outputPaths = (
				"$(DERIVED_FILE_DIR)/Pods-YYIMTests-checkManifestLockResult.txt",
			);
			runOnlyForDeploymentPostprocessing = 0;
			shellPath = /bin/sh;
			shellScript = "diff \"${PODS_PODFILE_DIR_PATH}/Podfile.lock\" \"${PODS_ROOT}/Manifest.lock\" > /dev/null\nif [ $? != 0 ] ; then\n    # print error to STDERR\n    echo \"error: The sandbox is not in sync with the Podfile.lock. Run 'pod install' or update your CocoaPods installation.\" >&2\n    exit 1\nfi\n# This output is used by Xcode 'outputs' to avoid re-running this script phase.\necho \"SUCCESS\" > \"${SCRIPT_OUTPUT_FILE_0}\"\n";
			showEnvVarsInLog = 0;
		};
		B4677EAB361030AF69C545AE /* [CP] Copy Pods Resources */ = {
			isa = PBXShellScriptBuildPhase;
			buildActionMask = 2147483647;
			files = (
			);
			inputPaths = (
				"${SRCROOT}/Pods/Target Support Files/Pods-YYIM/Pods-YYIM-resources.sh",
				"${PODS_ROOT}/IQKeyboardManager/IQKeyboardManager/Resources/IQKeyboardManager.bundle",
				"${PODS_ROOT}/MJRefresh/MJRefresh/MJRefresh.bundle",
			);
			name = "[CP] Copy Pods Resources";
			outputPaths = (
				"${TARGET_BUILD_DIR}/${UNLOCALIZED_RESOURCES_FOLDER_PATH}/IQKeyboardManager.bundle",
				"${TARGET_BUILD_DIR}/${UNLOCALIZED_RESOURCES_FOLDER_PATH}/MJRefresh.bundle",
			);
			runOnlyForDeploymentPostprocessing = 0;
			shellPath = /bin/sh;
			shellScript = "\"${SRCROOT}/Pods/Target Support Files/Pods-YYIM/Pods-YYIM-resources.sh\"\n";
			showEnvVarsInLog = 0;
		};
/* End PBXShellScriptBuildPhase section */

/* Begin PBXSourcesBuildPhase section */
		C59020F720F44D49001296C4 /* Sources */ = {
			isa = PBXSourcesBuildPhase;
			buildActionMask = 2147483647;
			files = (
				C50937E020FF052F00A70E41 /* PersonDetailViewController.m in Sources */,
				C52855D0210EC1E400887345 /* FileManagerModel.m in Sources */,
				C59021AB20F5F583001296C4 /* MsgModel.m in Sources */,
				C590210320F44D49001296C4 /* ViewController.m in Sources */,
				C55FF61720F898E000A86F00 /* MineTableViewCell.m in Sources */,
				C56534F12122DE460090ADC2 /* UIImage+Text_tag.m in Sources */,
				C5C8642D210AB8B400E6BC7F /* SocketRequest.m in Sources */,
				C50937F92100809D00A70E41 /* PersonManager.m in Sources */,
				C50937CC20FEE04D00A70E41 /* MyFriendsGroupHeaderView.m in Sources */,
				C5EFFCB420FC2CE3003BDB2E /* MessageManager.m in Sources */,
				C50937D920FEEE8000A70E41 /* MyGroupChatModel.m in Sources */,
				C530D0BF21181922007CE2C4 /* PHDocumentPickerViewController.m in Sources */,
				C590214720F44FD2001296C4 /* ContactsListViewController.m in Sources */,
				C50937EB20FF0C7600A70E41 /* PHTabbarView.m in Sources */,
				C50937F221003C6200A70E41 /* GroupDetailViewController.m in Sources */,
				C50938022101825A00A70E41 /* UserInfoModel.m in Sources */,
				C57490522107228800577882 /* ChatSettingViewController.m in Sources */,
				C590215720F45AA2001296C4 /* MessageLlistTableViewCell.m in Sources */,
				C55FF61A20F89A2300A86F00 /* DBTool.m in Sources */,
				C590218420F4B07A001296C4 /* MyFriendTableViewCell.m in Sources */,
				C590218120F4AF36001296C4 /* MyFriendsModel.m in Sources */,
				C55FF5F020F6E57500A86F00 /* PHCellHeight.m in Sources */,
				C5EFFE5E20FC923A003BDB2E /* RishTextAdapter.m in Sources */,
				C57490482105D8FB00577882 /* PHPush.m in Sources */,
				C52855C8210EAFE100887345 /* FileManager.m in Sources */,
				C590214420F44FB3001296C4 /* MessageListViewController.m in Sources */,
				C5EFFCB720FC3651003BDB2E /* ConversationModel.m in Sources */,
				C5C8642A210AA71300E6BC7F /* UIView+Animation.m in Sources */,
				C574905F21085E4000577882 /* NaviAddAlertView.m in Sources */,
				C590214A20F44FE1001296C4 /* MineViewController.m in Sources */,
				C59021B720F5FC49001296C4 /* ProgressTool.m in Sources */,
				C50937FF2100936400A70E41 /* UIImage+Helper.m in Sources */,
				C57490552107317E00577882 /* PHPlayer.m in Sources */,
				C5EFFCBD20FC5F34003BDB2E /* NSString+Helper.m in Sources */,
				C5C8643F210B2C5700E6BC7F /* DocumentPicker.m in Sources */,
				C52C7F02211AC42E00A4702D /* NSDate+Helper.m in Sources */,
				C59021A720F5A76A001296C4 /* NSString+Json.m in Sources */,
				C509380C2101E34D00A70E41 /* UserChangeStatus.m in Sources */,
				C5EFFE6420FDBE23003BDB2E /* NSDictionary+Helper.m in Sources */,
				C50937E420FF063A00A70E41 /* ContactsViewController.m in Sources */,
				C590219020F4B531001296C4 /* ChatInputView.m in Sources */,
				C5C86435210AE28D00E6BC7F /* PhotoBrowserView.m in Sources */,
				C50937D620FEEE5E00A70E41 /* MyGroupChatTableViewCell.m in Sources */,
				C59021A220F5A3ED001296C4 /* NSData+GZip.m in Sources */,
				C50937C920FEDF3400A70E41 /* MyFriendsGroupModel.m in Sources */,
				C50937F6210073BE00A70E41 /* HandleSocketDao.m in Sources */,
				C590215B20F45FC5001296C4 /* ContactsListModel.m in Sources */,
				C5C8643C210B08ED00E6BC7F /* UpdatePasswordViewController.m in Sources */,
				C51452D921114FCE0035C83A /* ChatCellFileView.m in Sources */,
				C52855CC210EBB3900887345 /* FileManagerCollectionViewCell.m in Sources */,
				C590217E20F4AEA4001296C4 /* MyFriendsViewController.m in Sources */,
				C50938092101BE5000A70E41 /* PHAlert.m in Sources */,
				C590213B20F44E1D001296C4 /* BaseViewController.m in Sources */,
				C55FF5F920F72A3B00A86F00 /* ChatAddView.m in Sources */,
				C574904B2107058C00577882 /* PersonCenterView.m in Sources */,
				C5467897211449AB00B86886 /* GroupChatModel.m in Sources */,
				C590215320F458F7001296C4 /* ContactsListTableViewCell.m in Sources */,
				C50937EC20FF0C7600A70E41 /* PHSegmentViewController.m in Sources */,
				C590217720F4A3CF001296C4 /* LoginViewController.m in Sources */,
				C5EFFE6120FDB558003BDB2E /* PHImagePickerController.m in Sources */,
				C590213420F44D86001296C4 /* NavigationController.m in Sources */,
				C59021BA20F6088B001296C4 /* NSString+Base64.m in Sources */,
				C574905C210815D200577882 /* GroupChatSettingViewController.m in Sources */,
				C590214E20F455DB001296C4 /* UIViewAdditions.m in Sources */,
				C55FF60E20F8672C00A86F00 /* NetTool.m in Sources */,
				C55FF60B20F836D400A86F00 /* SocketTool.m in Sources */,
				C590213520F44D86001296C4 /* TabBarController.m in Sources */,
				C50937D320FEED7800A70E41 /* MyGroupChatViewController.m in Sources */,
				C590210E20F44D4F001296C4 /* main.m in Sources */,
				C55FF5F320F6EB3A00A86F00 /* EmotionView.m in Sources */,
				C590218820F4B394001296C4 /* ChatViewController.m in Sources */,
				C590210020F44D49001296C4 /* AppDelegate.m in Sources */,
				C590215F20F491B2001296C4 /* Request.m in Sources */,
				C509D908211032F000B50F1F /* NSString+MD5Encrypt.m in Sources */,
				C590218D20F4B47F001296C4 /* ChatCell.m in Sources */,
			);
			runOnlyForDeploymentPostprocessing = 0;
		};
		C590210F20F44D4F001296C4 /* Sources */ = {
			isa = PBXSourcesBuildPhase;
			buildActionMask = 2147483647;
			files = (
				C590211820F44D4F001296C4 /* YYIMTests.m in Sources */,
			);
			runOnlyForDeploymentPostprocessing = 0;
		};
		C590211A20F44D4F001296C4 /* Sources */ = {
			isa = PBXSourcesBuildPhase;
			buildActionMask = 2147483647;
			files = (
				C590212320F44D4F001296C4 /* YYIMUITests.m in Sources */,
			);
			runOnlyForDeploymentPostprocessing = 0;
		};
		C5EFFCBE20FC6A64003BDB2E /* Sources */ = {
			isa = PBXSourcesBuildPhase;
			buildActionMask = 2147483647;
			files = (
			);
			runOnlyForDeploymentPostprocessing = 0;
		};
/* End PBXSourcesBuildPhase section */

/* Begin PBXTargetDependency section */
		C590211520F44D4F001296C4 /* PBXTargetDependency */ = {
			isa = PBXTargetDependency;
			target = C59020FA20F44D49001296C4 /* YYIM */;
			targetProxy = C590211420F44D4F001296C4 /* PBXContainerItemProxy */;
		};
		C590212020F44D4F001296C4 /* PBXTargetDependency */ = {
			isa = PBXTargetDependency;
			target = C59020FA20F44D49001296C4 /* YYIM */;
			targetProxy = C590211F20F44D4F001296C4 /* PBXContainerItemProxy */;
		};
/* End PBXTargetDependency section */

/* Begin PBXVariantGroup section */
		C590210420F44D49001296C4 /* Main.storyboard */ = {
			isa = PBXVariantGroup;
			children = (
				C590210520F44D49001296C4 /* Base */,
			);
			name = Main.storyboard;
			sourceTree = "<group>";
		};
		C590210920F44D4F001296C4 /* LaunchScreen.storyboard */ = {
			isa = PBXVariantGroup;
			children = (
				C590210A20F44D4F001296C4 /* Base */,
			);
			name = LaunchScreen.storyboard;
			sourceTree = "<group>";
		};
/* End PBXVariantGroup section */

/* Begin XCBuildConfiguration section */
		C590212520F44D4F001296C4 /* Debug */ = {
			isa = XCBuildConfiguration;
			buildSettings = {
				ALWAYS_SEARCH_USER_PATHS = NO;
				CLANG_ANALYZER_NONNULL = YES;
				CLANG_ANALYZER_NUMBER_OBJECT_CONVERSION = YES_AGGRESSIVE;
				CLANG_CXX_LANGUAGE_STANDARD = "gnu++14";
				CLANG_CXX_LIBRARY = "libc++";
				CLANG_ENABLE_MODULES = YES;
				CLANG_ENABLE_OBJC_ARC = YES;
				CLANG_ENABLE_OBJC_WEAK = YES;
				CLANG_WARN_BLOCK_CAPTURE_AUTORELEASING = YES;
				CLANG_WARN_BOOL_CONVERSION = YES;
				CLANG_WARN_COMMA = YES;
				CLANG_WARN_CONSTANT_CONVERSION = YES;
				CLANG_WARN_DEPRECATED_OBJC_IMPLEMENTATIONS = YES;
				CLANG_WARN_DIRECT_OBJC_ISA_USAGE = YES_ERROR;
				CLANG_WARN_DOCUMENTATION_COMMENTS = YES;
				CLANG_WARN_EMPTY_BODY = YES;
				CLANG_WARN_ENUM_CONVERSION = YES;
				CLANG_WARN_INFINITE_RECURSION = YES;
				CLANG_WARN_INT_CONVERSION = YES;
				CLANG_WARN_NON_LITERAL_NULL_CONVERSION = YES;
				CLANG_WARN_OBJC_IMPLICIT_RETAIN_SELF = YES;
				CLANG_WARN_OBJC_LITERAL_CONVERSION = YES;
				CLANG_WARN_OBJC_ROOT_CLASS = YES_ERROR;
				CLANG_WARN_RANGE_LOOP_ANALYSIS = YES;
				CLANG_WARN_STRICT_PROTOTYPES = YES;
				CLANG_WARN_SUSPICIOUS_MOVE = YES;
				CLANG_WARN_UNGUARDED_AVAILABILITY = YES_AGGRESSIVE;
				CLANG_WARN_UNREACHABLE_CODE = YES;
				CLANG_WARN__DUPLICATE_METHOD_MATCH = YES;
				CODE_SIGN_IDENTITY = "";
				COPY_PHASE_STRIP = NO;
				DEBUG_INFORMATION_FORMAT = dwarf;
				ENABLE_STRICT_OBJC_MSGSEND = YES;
				ENABLE_TESTABILITY = YES;
				GCC_C_LANGUAGE_STANDARD = gnu11;
				GCC_DYNAMIC_NO_PIC = NO;
				GCC_NO_COMMON_BLOCKS = YES;
				GCC_OPTIMIZATION_LEVEL = 0;
				GCC_PREPROCESSOR_DEFINITIONS = (
					"DEBUG=1",
					"$(inherited)",
				);
				GCC_WARN_64_TO_32_BIT_CONVERSION = YES;
				GCC_WARN_ABOUT_RETURN_TYPE = YES_ERROR;
				GCC_WARN_UNDECLARED_SELECTOR = YES;
				GCC_WARN_UNINITIALIZED_AUTOS = YES_AGGRESSIVE;
				GCC_WARN_UNUSED_FUNCTION = YES;
				GCC_WARN_UNUSED_VARIABLE = YES;
				IPHONEOS_DEPLOYMENT_TARGET = 8.0;
				MTL_ENABLE_DEBUG_INFO = YES;
				ONLY_ACTIVE_ARCH = YES;
				SDKROOT = iphoneos;
				VALIDATE_PRODUCT = NO;
			};
			name = Debug;
		};
		C590212620F44D4F001296C4 /* Release */ = {
			isa = XCBuildConfiguration;
			buildSettings = {
				ALWAYS_SEARCH_USER_PATHS = NO;
				CLANG_ANALYZER_NONNULL = YES;
				CLANG_ANALYZER_NUMBER_OBJECT_CONVERSION = YES_AGGRESSIVE;
				CLANG_CXX_LANGUAGE_STANDARD = "gnu++14";
				CLANG_CXX_LIBRARY = "libc++";
				CLANG_ENABLE_MODULES = YES;
				CLANG_ENABLE_OBJC_ARC = YES;
				CLANG_ENABLE_OBJC_WEAK = YES;
				CLANG_WARN_BLOCK_CAPTURE_AUTORELEASING = YES;
				CLANG_WARN_BOOL_CONVERSION = YES;
				CLANG_WARN_COMMA = YES;
				CLANG_WARN_CONSTANT_CONVERSION = YES;
				CLANG_WARN_DEPRECATED_OBJC_IMPLEMENTATIONS = YES;
				CLANG_WARN_DIRECT_OBJC_ISA_USAGE = YES_ERROR;
				CLANG_WARN_DOCUMENTATION_COMMENTS = YES;
				CLANG_WARN_EMPTY_BODY = YES;
				CLANG_WARN_ENUM_CONVERSION = YES;
				CLANG_WARN_INFINITE_RECURSION = YES;
				CLANG_WARN_INT_CONVERSION = YES;
				CLANG_WARN_NON_LITERAL_NULL_CONVERSION = YES;
				CLANG_WARN_OBJC_IMPLICIT_RETAIN_SELF = YES;
				CLANG_WARN_OBJC_LITERAL_CONVERSION = YES;
				CLANG_WARN_OBJC_ROOT_CLASS = YES_ERROR;
				CLANG_WARN_RANGE_LOOP_ANALYSIS = YES;
				CLANG_WARN_STRICT_PROTOTYPES = YES;
				CLANG_WARN_SUSPICIOUS_MOVE = YES;
				CLANG_WARN_UNGUARDED_AVAILABILITY = YES_AGGRESSIVE;
				CLANG_WARN_UNREACHABLE_CODE = YES;
				CLANG_WARN__DUPLICATE_METHOD_MATCH = YES;
				CODE_SIGN_IDENTITY = "";
				COPY_PHASE_STRIP = NO;
				DEBUG_INFORMATION_FORMAT = "dwarf-with-dsym";
				ENABLE_NS_ASSERTIONS = NO;
				ENABLE_STRICT_OBJC_MSGSEND = YES;
				GCC_C_LANGUAGE_STANDARD = gnu11;
				GCC_NO_COMMON_BLOCKS = YES;
				GCC_WARN_64_TO_32_BIT_CONVERSION = YES;
				GCC_WARN_ABOUT_RETURN_TYPE = YES_ERROR;
				GCC_WARN_UNDECLARED_SELECTOR = YES;
				GCC_WARN_UNINITIALIZED_AUTOS = YES_AGGRESSIVE;
				GCC_WARN_UNUSED_FUNCTION = YES;
				GCC_WARN_UNUSED_VARIABLE = YES;
				IPHONEOS_DEPLOYMENT_TARGET = 8.0;
				MTL_ENABLE_DEBUG_INFO = NO;
				ONLY_ACTIVE_ARCH = YES;
				SDKROOT = iphoneos;
				VALIDATE_PRODUCT = NO;
			};
			name = Release;
		};
		C590212820F44D4F001296C4 /* Debug */ = {
			isa = XCBuildConfiguration;
			baseConfigurationReference = 4D6B33E3CEA6CB04BB0FE9E6 /* Pods-YYIM.debug.xcconfig */;
			buildSettings = {
				ASSETCATALOG_COMPILER_APPICON_NAME = AppIcon;
				CODE_SIGN_ENTITLEMENTS = YYIM/YYIM.entitlements;
				CODE_SIGN_IDENTITY = "iPhone Developer";
				CODE_SIGN_STYLE = Automatic;
				DEVELOPMENT_TEAM = 29TC6H8E4S;
				GCC_PRECOMPILE_PREFIX_HEADER = YES;
				GCC_PREFIX_HEADER = YYIM/Main/PrefixHeader.pch;
				INFOPLIST_FILE = YYIM/Info.plist;
				IPHONEOS_DEPLOYMENT_TARGET = 9.0;
				LD_RUNPATH_SEARCH_PATHS = (
					"$(inherited)",
					"@executable_path/Frameworks",
				);
				PRODUCT_BUNDLE_IDENTIFIER = com.trustworld.GXIM;
				PRODUCT_NAME = "$(TARGET_NAME)";
				PROVISIONING_PROFILE_SPECIFIER = "";
				TARGETED_DEVICE_FAMILY = 1;
			};
			name = Debug;
		};
		C590212920F44D4F001296C4 /* Release */ = {
			isa = XCBuildConfiguration;
			baseConfigurationReference = BB59103455D6E2DC3664B0B2 /* Pods-YYIM.release.xcconfig */;
			buildSettings = {
				ASSETCATALOG_COMPILER_APPICON_NAME = AppIcon;
				CODE_SIGN_ENTITLEMENTS = YYIM/YYIM.entitlements;
				CODE_SIGN_IDENTITY = "iPhone Developer";
				CODE_SIGN_STYLE = Automatic;
				DEVELOPMENT_TEAM = 29TC6H8E4S;
				GCC_PRECOMPILE_PREFIX_HEADER = YES;
				GCC_PREFIX_HEADER = YYIM/Main/PrefixHeader.pch;
				INFOPLIST_FILE = YYIM/Info.plist;
				IPHONEOS_DEPLOYMENT_TARGET = 9.0;
				LD_RUNPATH_SEARCH_PATHS = (
					"$(inherited)",
					"@executable_path/Frameworks",
				);
				PRODUCT_BUNDLE_IDENTIFIER = com.trustworld.GXIM;
				PRODUCT_NAME = "$(TARGET_NAME)";
				PROVISIONING_PROFILE_SPECIFIER = "";
				TARGETED_DEVICE_FAMILY = 1;
			};
			name = Release;
		};
		C590212B20F44D4F001296C4 /* Debug */ = {
			isa = XCBuildConfiguration;
			baseConfigurationReference = 854A10B47B74A3EC8121586B /* Pods-YYIMTests.debug.xcconfig */;
			buildSettings = {
				BUNDLE_LOADER = "$(TEST_HOST)";
				CODE_SIGN_STYLE = Automatic;
				INFOPLIST_FILE = YYIMTests/Info.plist;
				LD_RUNPATH_SEARCH_PATHS = (
					"$(inherited)",
					"@executable_path/Frameworks",
					"@loader_path/Frameworks",
				);
				PRODUCT_BUNDLE_IDENTIFIER = YY.YYIMTests;
				PRODUCT_NAME = "$(TARGET_NAME)";
				TARGETED_DEVICE_FAMILY = "1,2";
				TEST_HOST = "$(BUILT_PRODUCTS_DIR)/YYIM.app/YYIM";
			};
			name = Debug;
		};
		C590212C20F44D4F001296C4 /* Release */ = {
			isa = XCBuildConfiguration;
			baseConfigurationReference = 404398A8A5B1B1BB3FA00D4E /* Pods-YYIMTests.release.xcconfig */;
			buildSettings = {
				BUNDLE_LOADER = "$(TEST_HOST)";
				CODE_SIGN_STYLE = Automatic;
				INFOPLIST_FILE = YYIMTests/Info.plist;
				LD_RUNPATH_SEARCH_PATHS = (
					"$(inherited)",
					"@executable_path/Frameworks",
					"@loader_path/Frameworks",
				);
				PRODUCT_BUNDLE_IDENTIFIER = YY.YYIMTests;
				PRODUCT_NAME = "$(TARGET_NAME)";
				TARGETED_DEVICE_FAMILY = "1,2";
				TEST_HOST = "$(BUILT_PRODUCTS_DIR)/YYIM.app/YYIM";
			};
			name = Release;
		};
		C590212E20F44D4F001296C4 /* Debug */ = {
			isa = XCBuildConfiguration;
			baseConfigurationReference = 77B3230961267D496C111955 /* Pods-YYIMUITests.debug.xcconfig */;
			buildSettings = {
				CODE_SIGN_STYLE = Automatic;
				INFOPLIST_FILE = YYIMUITests/Info.plist;
				LD_RUNPATH_SEARCH_PATHS = (
					"$(inherited)",
					"@executable_path/Frameworks",
					"@loader_path/Frameworks",
				);
				PRODUCT_BUNDLE_IDENTIFIER = YY.YYIMUITests;
				PRODUCT_NAME = "$(TARGET_NAME)";
				TARGETED_DEVICE_FAMILY = "1,2";
				TEST_TARGET_NAME = YYIM;
			};
			name = Debug;
		};
		C590212F20F44D4F001296C4 /* Release */ = {
			isa = XCBuildConfiguration;
			baseConfigurationReference = EC4D8DFB44757BA08EA582CF /* Pods-YYIMUITests.release.xcconfig */;
			buildSettings = {
				CODE_SIGN_STYLE = Automatic;
				INFOPLIST_FILE = YYIMUITests/Info.plist;
				LD_RUNPATH_SEARCH_PATHS = (
					"$(inherited)",
					"@executable_path/Frameworks",
					"@loader_path/Frameworks",
				);
				PRODUCT_BUNDLE_IDENTIFIER = YY.YYIMUITests;
				PRODUCT_NAME = "$(TARGET_NAME)";
				TARGETED_DEVICE_FAMILY = "1,2";
				TEST_TARGET_NAME = YYIM;
			};
			name = Release;
		};
		C5EFFCC620FC6A64003BDB2E /* Debug */ = {
			isa = XCBuildConfiguration;
			buildSettings = {
				CODE_SIGN_IDENTITY = "-";
				CODE_SIGN_STYLE = Automatic;
				COMBINE_HIDPI_IMAGES = YES;
				INFOPLIST_FILE = "";
				INSTALL_PATH = "$(LOCAL_LIBRARY_DIR)/Bundles";
				MACOSX_DEPLOYMENT_TARGET = 10.13;
				PRODUCT_BUNDLE_IDENTIFIER = YY.Emotion;
				PRODUCT_NAME = "$(TARGET_NAME)";
				SDKROOT = iphoneos;
				SKIP_INSTALL = YES;
				WRAPPER_EXTENSION = bundle;
			};
			name = Debug;
		};
		C5EFFCC720FC6A64003BDB2E /* Release */ = {
			isa = XCBuildConfiguration;
			buildSettings = {
				CODE_SIGN_IDENTITY = "-";
				CODE_SIGN_STYLE = Automatic;
				COMBINE_HIDPI_IMAGES = YES;
				INFOPLIST_FILE = "";
				INSTALL_PATH = "$(LOCAL_LIBRARY_DIR)/Bundles";
				MACOSX_DEPLOYMENT_TARGET = 10.13;
				PRODUCT_BUNDLE_IDENTIFIER = YY.Emotion;
				PRODUCT_NAME = "$(TARGET_NAME)";
				SDKROOT = iphoneos;
				SKIP_INSTALL = YES;
				WRAPPER_EXTENSION = bundle;
			};
			name = Release;
		};
/* End XCBuildConfiguration section */

/* Begin XCConfigurationList section */
		C59020F620F44D49001296C4 /* Build configuration list for PBXProject "YYIM" */ = {
			isa = XCConfigurationList;
			buildConfigurations = (
				C590212520F44D4F001296C4 /* Debug */,
				C590212620F44D4F001296C4 /* Release */,
			);
			defaultConfigurationIsVisible = 0;
			defaultConfigurationName = Release;
		};
		C590212720F44D4F001296C4 /* Build configuration list for PBXNativeTarget "YYIM" */ = {
			isa = XCConfigurationList;
			buildConfigurations = (
				C590212820F44D4F001296C4 /* Debug */,
				C590212920F44D4F001296C4 /* Release */,
			);
			defaultConfigurationIsVisible = 0;
			defaultConfigurationName = Release;
		};
		C590212A20F44D4F001296C4 /* Build configuration list for PBXNativeTarget "YYIMTests" */ = {
			isa = XCConfigurationList;
			buildConfigurations = (
				C590212B20F44D4F001296C4 /* Debug */,
				C590212C20F44D4F001296C4 /* Release */,
			);
			defaultConfigurationIsVisible = 0;
			defaultConfigurationName = Release;
		};
		C590212D20F44D4F001296C4 /* Build configuration list for PBXNativeTarget "YYIMUITests" */ = {
			isa = XCConfigurationList;
			buildConfigurations = (
				C590212E20F44D4F001296C4 /* Debug */,
				C590212F20F44D4F001296C4 /* Release */,
			);
			defaultConfigurationIsVisible = 0;
			defaultConfigurationName = Release;
		};
		C5EFFCC520FC6A64003BDB2E /* Build configuration list for PBXNativeTarget "Emotion" */ = {
			isa = XCConfigurationList;
			buildConfigurations = (
				C5EFFCC620FC6A64003BDB2E /* Debug */,
				C5EFFCC720FC6A64003BDB2E /* Release */,
			);
			defaultConfigurationIsVisible = 0;
			defaultConfigurationName = Release;
		};
/* End XCConfigurationList section */
	};
	rootObject = C59020F320F44D49001296C4 /* Project object */;
}
